// !$*UTF8*$!
{
	archiveVersion = 1;
	classes = {
	};
	objectVersion = 46;
	objects = {

/* Begin PBXBuildFile section */
		D814ED5D1C5EEC51009D7616 /* MMVideoPreviewPlay@2x.png in Resources */ = {isa = PBXBuildFile; fileRef = D814ED3B1C5EEC51009D7616 /* MMVideoPreviewPlay@2x.png */; };
		D814ED5E1C5EEC51009D7616 /* MMVideoPreviewPlayHL@2x.png in Resources */ = {isa = PBXBuildFile; fileRef = D814ED3C1C5EEC51009D7616 /* MMVideoPreviewPlayHL@2x.png */; };
		D814ED5F1C5EEC51009D7616 /* navi_back@2x.png in Resources */ = {isa = PBXBuildFile; fileRef = D814ED3D1C5EEC51009D7616 /* navi_back@2x.png */; };
		D814ED601C5EEC51009D7616 /* photo_def_photoPickerVc@2x.png in Resources */ = {isa = PBXBuildFile; fileRef = D814ED3E1C5EEC51009D7616 /* photo_def_photoPickerVc@2x.png */; };
		D814ED611C5EEC51009D7616 /* photo_def_previewVc@2x.png in Resources */ = {isa = PBXBuildFile; fileRef = D814ED3F1C5EEC51009D7616 /* photo_def_previewVc@2x.png */; };
		D814ED621C5EEC51009D7616 /* photo_number_icon@2x.png in Resources */ = {isa = PBXBuildFile; fileRef = D814ED401C5EEC51009D7616 /* photo_number_icon@2x.png */; };
		D814ED631C5EEC51009D7616 /* photo_original_def@2x.png in Resources */ = {isa = PBXBuildFile; fileRef = D814ED411C5EEC51009D7616 /* photo_original_def@2x.png */; };
		D814ED641C5EEC51009D7616 /* photo_original_sel@2x.png in Resources */ = {isa = PBXBuildFile; fileRef = D814ED421C5EEC51009D7616 /* photo_original_sel@2x.png */; };
		D814ED651C5EEC51009D7616 /* photo_sel_photoPickerVc@2x.png in Resources */ = {isa = PBXBuildFile; fileRef = D814ED431C5EEC51009D7616 /* photo_sel_photoPickerVc@2x.png */; };
		D814ED661C5EEC51009D7616 /* photo_sel_previewVc@2x.png in Resources */ = {isa = PBXBuildFile; fileRef = D814ED441C5EEC51009D7616 /* photo_sel_previewVc@2x.png */; };
		D814ED671C5EEC51009D7616 /* preview_number_icon@2x.png in Resources */ = {isa = PBXBuildFile; fileRef = D814ED451C5EEC51009D7616 /* preview_number_icon@2x.png */; };
		D814ED681C5EEC51009D7616 /* preview_original_def@2x.png in Resources */ = {isa = PBXBuildFile; fileRef = D814ED461C5EEC51009D7616 /* preview_original_def@2x.png */; };
		D814ED691C5EEC51009D7616 /* TableViewArrow@2x.png in Resources */ = {isa = PBXBuildFile; fileRef = D814ED471C5EEC51009D7616 /* TableViewArrow@2x.png */; };
		D814ED6A1C5EEC51009D7616 /* TZAlbumCell.xib in Resources */ = {isa = PBXBuildFile; fileRef = D814ED481C5EEC51009D7616 /* TZAlbumCell.xib */; };
		D814ED6B1C5EEC51009D7616 /* TZAssetCell.xib in Resources */ = {isa = PBXBuildFile; fileRef = D814ED491C5EEC51009D7616 /* TZAssetCell.xib */; };
		D814ED6C1C5EEC51009D7616 /* VideoSendIcon@2x.png in Resources */ = {isa = PBXBuildFile; fileRef = D814ED4A1C5EEC51009D7616 /* VideoSendIcon@2x.png */; };
		D814ED6D1C5EEC51009D7616 /* TZAssetCell.m in Sources */ = {isa = PBXBuildFile; fileRef = D814ED4C1C5EEC51009D7616 /* TZAssetCell.m */; };
		D814ED6E1C5EEC51009D7616 /* TZAssetModel.m in Sources */ = {isa = PBXBuildFile; fileRef = D814ED4E1C5EEC51009D7616 /* TZAssetModel.m */; };
		D814ED6F1C5EEC51009D7616 /* TZImageManager.m in Sources */ = {isa = PBXBuildFile; fileRef = D814ED501C5EEC51009D7616 /* TZImageManager.m */; };
		D814ED701C5EEC51009D7616 /* TZImagePickerController.m in Sources */ = {isa = PBXBuildFile; fileRef = D814ED521C5EEC51009D7616 /* TZImagePickerController.m */; };
		D814ED711C5EEC51009D7616 /* TZPhotoPickerController.m in Sources */ = {isa = PBXBuildFile; fileRef = D814ED541C5EEC51009D7616 /* TZPhotoPickerController.m */; };
		D814ED721C5EEC51009D7616 /* TZPhotoPreviewCell.m in Sources */ = {isa = PBXBuildFile; fileRef = D814ED561C5EEC51009D7616 /* TZPhotoPreviewCell.m */; };
		D814ED731C5EEC51009D7616 /* TZPhotoPreviewController.m in Sources */ = {isa = PBXBuildFile; fileRef = D814ED581C5EEC51009D7616 /* TZPhotoPreviewController.m */; };
		D814ED741C5EEC51009D7616 /* TZVideoPlayerController.m in Sources */ = {isa = PBXBuildFile; fileRef = D814ED5A1C5EEC51009D7616 /* TZVideoPlayerController.m */; };
		D814ED751C5EEC51009D7616 /* UIView+Layout.m in Sources */ = {isa = PBXBuildFile; fileRef = D814ED5C1C5EEC51009D7616 /* UIView+Layout.m */; };
		D814ED7A1C5EF284009D7616 /* ProgressHUD.bundle in Resources */ = {isa = PBXBuildFile; fileRef = D814ED771C5EF284009D7616 /* ProgressHUD.bundle */; };
		D814ED7B1C5EF284009D7616 /* ProgressHUD.m in Sources */ = {isa = PBXBuildFile; fileRef = D814ED791C5EF284009D7616 /* ProgressHUD.m */; };
		D8251D141BE8535B00473B49 /* TextContentViewController.m in Sources */ = {isa = PBXBuildFile; fileRef = D8251D131BE8535B00473B49 /* TextContentViewController.m */; };
		D8251D181BE8EB9A00473B49 /* Default-568h@2x.png in Resources */ = {isa = PBXBuildFile; fileRef = D8251D171BE8EB9A00473B49 /* Default-568h@2x.png */; };
		D8328CE31BE757BA00454877 /* main.m in Sources */ = {isa = PBXBuildFile; fileRef = D8328CE21BE757BA00454877 /* main.m */; };
		D8328CE61BE757BA00454877 /* AppDelegate.m in Sources */ = {isa = PBXBuildFile; fileRef = D8328CE51BE757BA00454877 /* AppDelegate.m */; };
		D8328CE91BE757BA00454877 /* ViewController.m in Sources */ = {isa = PBXBuildFile; fileRef = D8328CE81BE757BA00454877 /* ViewController.m */; };
		D8328CEC1BE757BA00454877 /* Main.storyboard in Resources */ = {isa = PBXBuildFile; fileRef = D8328CEA1BE757BA00454877 /* Main.storyboard */; };
		D8328CEE1BE757BA00454877 /* Assets.xcassets in Resources */ = {isa = PBXBuildFile; fileRef = D8328CED1BE757BA00454877 /* Assets.xcassets */; };
		D8328CF11BE757BA00454877 /* LaunchScreen.storyboard in Resources */ = {isa = PBXBuildFile; fileRef = D8328CEF1BE757BA00454877 /* LaunchScreen.storyboard */; };
		D8328CFC1BE757BA00454877 /* ScanCodeTests.m in Sources */ = {isa = PBXBuildFile; fileRef = D8328CFB1BE757BA00454877 /* ScanCodeTests.m */; };
		D8328D071BE757BA00454877 /* ScanCodeUITests.m in Sources */ = {isa = PBXBuildFile; fileRef = D8328D061BE757BA00454877 /* ScanCodeUITests.m */; };
		D8328D161BE7582600454877 /* QRCodeViewController.m in Sources */ = {isa = PBXBuildFile; fileRef = D8328D151BE7582600454877 /* QRCodeViewController.m */; };
		D8328D191BE7586000454877 /* QRView.m in Sources */ = {isa = PBXBuildFile; fileRef = D8328D181BE7586000454877 /* QRView.m */; };
		D8328D1C1BE7587100454877 /* QRCodeDao.m in Sources */ = {isa = PBXBuildFile; fileRef = D8328D1B1BE7587100454877 /* QRCodeDao.m */; };
		D8328D1E1BE75B1E00454877 /* qr_scan_line@2x.png in Resources */ = {isa = PBXBuildFile; fileRef = D8328D1D1BE75B1E00454877 /* qr_scan_line@2x.png */; };
		D8328D211BE761C100454877 /* WebContentViewController.m in Sources */ = {isa = PBXBuildFile; fileRef = D8328D201BE761C100454877 /* WebContentViewController.m */; };
		D8328D261BE761E500454877 /* NJKWebViewProgress.m in Sources */ = {isa = PBXBuildFile; fileRef = D8328D231BE761E500454877 /* NJKWebViewProgress.m */; };
		D8328D271BE761E500454877 /* NJKWebViewProgressView.m in Sources */ = {isa = PBXBuildFile; fileRef = D8328D251BE761E500454877 /* NJKWebViewProgressView.m */; };
		D8328D291BE7620300454877 /* bottom_btn_back.png in Resources */ = {isa = PBXBuildFile; fileRef = D8328D281BE7620300454877 /* bottom_btn_back.png */; };
		D8328D2B1BE7625200454877 /* UIKit.framework in Frameworks */ = {isa = PBXBuildFile; fileRef = D8328D2A1BE7625200454877 /* UIKit.framework */; };
		D854A9B21C0DD27100F3FF9D /* SafariServices.framework in Frameworks */ = {isa = PBXBuildFile; fileRef = D854A9B11C0DD27100F3FF9D /* SafariServices.framework */; };
		D8D63BCF1C5B3BBE002C823B /* bitstream.c in Sources */ = {isa = PBXBuildFile; fileRef = D8D63BBF1C5B3BBE002C823B /* bitstream.c */; };
		D8D63BD01C5B3BBE002C823B /* mask.c in Sources */ = {isa = PBXBuildFile; fileRef = D8D63BC11C5B3BBE002C823B /* mask.c */; };
		D8D63BD11C5B3BBE002C823B /* QRCodeGenerator.m in Sources */ = {isa = PBXBuildFile; fileRef = D8D63BC41C5B3BBE002C823B /* QRCodeGenerator.m */; };
		D8D63BD21C5B3BBE002C823B /* qrencode.c in Sources */ = {isa = PBXBuildFile; fileRef = D8D63BC51C5B3BBE002C823B /* qrencode.c */; };
		D8D63BD31C5B3BBE002C823B /* qrinput.c in Sources */ = {isa = PBXBuildFile; fileRef = D8D63BC71C5B3BBE002C823B /* qrinput.c */; };
		D8D63BD41C5B3BBE002C823B /* qrspec.c in Sources */ = {isa = PBXBuildFile; fileRef = D8D63BC91C5B3BBE002C823B /* qrspec.c */; };
		D8D63BD51C5B3BBE002C823B /* rscode.c in Sources */ = {isa = PBXBuildFile; fileRef = D8D63BCB1C5B3BBE002C823B /* rscode.c */; };
		D8D63BD61C5B3BBE002C823B /* split.c in Sources */ = {isa = PBXBuildFile; fileRef = D8D63BCD1C5B3BBE002C823B /* split.c */; };
		D8D63BF61C5B3C18002C823B /* zbar-back.png in Resources */ = {isa = PBXBuildFile; fileRef = D8D63BF11C5B3C18002C823B /* zbar-back.png */; };
		D8D63BF71C5B3C18002C823B /* zbar-help.html in Resources */ = {isa = PBXBuildFile; fileRef = D8D63BF21C5B3C18002C823B /* zbar-help.html */; };
		D8D63BF81C5B3C18002C823B /* zbar-helpicons.png in Resources */ = {isa = PBXBuildFile; fileRef = D8D63BF31C5B3C18002C823B /* zbar-helpicons.png */; };
		D8D63BF91C5B3C18002C823B /* zbar-samples.png in Resources */ = {isa = PBXBuildFile; fileRef = D8D63BF41C5B3C18002C823B /* zbar-samples.png */; };
		D8D63BFB1C5B3C39002C823B /* AVFoundation.framework in Frameworks */ = {isa = PBXBuildFile; fileRef = D8D63BFA1C5B3C39002C823B /* AVFoundation.framework */; };
		D8D63BFD1C5B3C40002C823B /* CoreMedia.framework in Frameworks */ = {isa = PBXBuildFile; fileRef = D8D63BFC1C5B3C40002C823B /* CoreMedia.framework */; };
		D8D63BFF1C5B3C48002C823B /* CoreVideo.framework in Frameworks */ = {isa = PBXBuildFile; fileRef = D8D63BFE1C5B3C48002C823B /* CoreVideo.framework */; };
		D8D63C011C5B3C55002C823B /* QuartzCore.framework in Frameworks */ = {isa = PBXBuildFile; fileRef = D8D63C001C5B3C55002C823B /* QuartzCore.framework */; };
		D8D63C031C5B3C63002C823B /* libiconv.tbd in Frameworks */ = {isa = PBXBuildFile; fileRef = D8D63C021C5B3C63002C823B /* libiconv.tbd */; };
		D8D63C051C5B432A002C823B /* libzbar.a in Frameworks */ = {isa = PBXBuildFile; fileRef = D8D63C041C5B432A002C823B /* libzbar.a */; };
/* End PBXBuildFile section */

/* Begin PBXContainerItemProxy section */
		D8328CF81BE757BA00454877 /* PBXContainerItemProxy */ = {
			isa = PBXContainerItemProxy;
			containerPortal = D8328CD61BE757BA00454877 /* Project object */;
			proxyType = 1;
			remoteGlobalIDString = D8328CDD1BE757BA00454877;
			remoteInfo = ScanCode;
		};
		D8328D031BE757BA00454877 /* PBXContainerItemProxy */ = {
			isa = PBXContainerItemProxy;
			containerPortal = D8328CD61BE757BA00454877 /* Project object */;
			proxyType = 1;
			remoteGlobalIDString = D8328CDD1BE757BA00454877;
			remoteInfo = ScanCode;
		};
/* End PBXContainerItemProxy section */

/* Begin PBXFileReference section */
		D814ED3B1C5EEC51009D7616 /* MMVideoPreviewPlay@2x.png */ = {isa = PBXFileReference; lastKnownFileType = image.png; path = "MMVideoPreviewPlay@2x.png"; sourceTree = "<group>"; };
		D814ED3C1C5EEC51009D7616 /* MMVideoPreviewPlayHL@2x.png */ = {isa = PBXFileReference; lastKnownFileType = image.png; path = "MMVideoPreviewPlayHL@2x.png"; sourceTree = "<group>"; };
		D814ED3D1C5EEC51009D7616 /* navi_back@2x.png */ = {isa = PBXFileReference; lastKnownFileType = image.png; path = "navi_back@2x.png"; sourceTree = "<group>"; };
		D814ED3E1C5EEC51009D7616 /* photo_def_photoPickerVc@2x.png */ = {isa = PBXFileReference; lastKnownFileType = image.png; path = "photo_def_photoPickerVc@2x.png"; sourceTree = "<group>"; };
		D814ED3F1C5EEC51009D7616 /* photo_def_previewVc@2x.png */ = {isa = PBXFileReference; lastKnownFileType = image.png; path = "photo_def_previewVc@2x.png"; sourceTree = "<group>"; };
		D814ED401C5EEC51009D7616 /* photo_number_icon@2x.png */ = {isa = PBXFileReference; lastKnownFileType = image.png; path = "photo_number_icon@2x.png"; sourceTree = "<group>"; };
		D814ED411C5EEC51009D7616 /* photo_original_def@2x.png */ = {isa = PBXFileReference; lastKnownFileType = image.png; path = "photo_original_def@2x.png"; sourceTree = "<group>"; };
		D814ED421C5EEC51009D7616 /* photo_original_sel@2x.png */ = {isa = PBXFileReference; lastKnownFileType = image.png; path = "photo_original_sel@2x.png"; sourceTree = "<group>"; };
		D814ED431C5EEC51009D7616 /* photo_sel_photoPickerVc@2x.png */ = {isa = PBXFileReference; lastKnownFileType = image.png; path = "photo_sel_photoPickerVc@2x.png"; sourceTree = "<group>"; };
		D814ED441C5EEC51009D7616 /* photo_sel_previewVc@2x.png */ = {isa = PBXFileReference; lastKnownFileType = image.png; path = "photo_sel_previewVc@2x.png"; sourceTree = "<group>"; };
		D814ED451C5EEC51009D7616 /* preview_number_icon@2x.png */ = {isa = PBXFileReference; lastKnownFileType = image.png; path = "preview_number_icon@2x.png"; sourceTree = "<group>"; };
		D814ED461C5EEC51009D7616 /* preview_original_def@2x.png */ = {isa = PBXFileReference; lastKnownFileType = image.png; path = "preview_original_def@2x.png"; sourceTree = "<group>"; };
		D814ED471C5EEC51009D7616 /* TableViewArrow@2x.png */ = {isa = PBXFileReference; lastKnownFileType = image.png; path = "TableViewArrow@2x.png"; sourceTree = "<group>"; };
		D814ED481C5EEC51009D7616 /* TZAlbumCell.xib */ = {isa = PBXFileReference; fileEncoding = 4; lastKnownFileType = file.xib; path = TZAlbumCell.xib; sourceTree = "<group>"; };
		D814ED491C5EEC51009D7616 /* TZAssetCell.xib */ = {isa = PBXFileReference; fileEncoding = 4; lastKnownFileType = file.xib; path = TZAssetCell.xib; sourceTree = "<group>"; };
		D814ED4A1C5EEC51009D7616 /* VideoSendIcon@2x.png */ = {isa = PBXFileReference; lastKnownFileType = image.png; path = "VideoSendIcon@2x.png"; sourceTree = "<group>"; };
		D814ED4B1C5EEC51009D7616 /* TZAssetCell.h */ = {isa = PBXFileReference; fileEncoding = 4; lastKnownFileType = sourcecode.c.h; path = TZAssetCell.h; sourceTree = "<group>"; };
		D814ED4C1C5EEC51009D7616 /* TZAssetCell.m */ = {isa = PBXFileReference; fileEncoding = 4; lastKnownFileType = sourcecode.c.objc; path = TZAssetCell.m; sourceTree = "<group>"; };
		D814ED4D1C5EEC51009D7616 /* TZAssetModel.h */ = {isa = PBXFileReference; fileEncoding = 4; lastKnownFileType = sourcecode.c.h; path = TZAssetModel.h; sourceTree = "<group>"; };
		D814ED4E1C5EEC51009D7616 /* TZAssetModel.m */ = {isa = PBXFileReference; fileEncoding = 4; lastKnownFileType = sourcecode.c.objc; path = TZAssetModel.m; sourceTree = "<group>"; };
		D814ED4F1C5EEC51009D7616 /* TZImageManager.h */ = {isa = PBXFileReference; fileEncoding = 4; lastKnownFileType = sourcecode.c.h; path = TZImageManager.h; sourceTree = "<group>"; };
		D814ED501C5EEC51009D7616 /* TZImageManager.m */ = {isa = PBXFileReference; fileEncoding = 4; lastKnownFileType = sourcecode.c.objc; path = TZImageManager.m; sourceTree = "<group>"; };
		D814ED511C5EEC51009D7616 /* TZImagePickerController.h */ = {isa = PBXFileReference; fileEncoding = 4; lastKnownFileType = sourcecode.c.h; path = TZImagePickerController.h; sourceTree = "<group>"; };
		D814ED521C5EEC51009D7616 /* TZImagePickerController.m */ = {isa = PBXFileReference; fileEncoding = 4; lastKnownFileType = sourcecode.c.objc; path = TZImagePickerController.m; sourceTree = "<group>"; };
		D814ED531C5EEC51009D7616 /* TZPhotoPickerController.h */ = {isa = PBXFileReference; fileEncoding = 4; lastKnownFileType = sourcecode.c.h; path = TZPhotoPickerController.h; sourceTree = "<group>"; };
		D814ED541C5EEC51009D7616 /* TZPhotoPickerController.m */ = {isa = PBXFileReference; fileEncoding = 4; lastKnownFileType = sourcecode.c.objc; path = TZPhotoPickerController.m; sourceTree = "<group>"; };
		D814ED551C5EEC51009D7616 /* TZPhotoPreviewCell.h */ = {isa = PBXFileReference; fileEncoding = 4; lastKnownFileType = sourcecode.c.h; path = TZPhotoPreviewCell.h; sourceTree = "<group>"; };
		D814ED561C5EEC51009D7616 /* TZPhotoPreviewCell.m */ = {isa = PBXFileReference; fileEncoding = 4; lastKnownFileType = sourcecode.c.objc; path = TZPhotoPreviewCell.m; sourceTree = "<group>"; };
		D814ED571C5EEC51009D7616 /* TZPhotoPreviewController.h */ = {isa = PBXFileReference; fileEncoding = 4; lastKnownFileType = sourcecode.c.h; path = TZPhotoPreviewController.h; sourceTree = "<group>"; };
		D814ED581C5EEC51009D7616 /* TZPhotoPreviewController.m */ = {isa = PBXFileReference; fileEncoding = 4; lastKnownFileType = sourcecode.c.objc; path = TZPhotoPreviewController.m; sourceTree = "<group>"; };
		D814ED591C5EEC51009D7616 /* TZVideoPlayerController.h */ = {isa = PBXFileReference; fileEncoding = 4; lastKnownFileType = sourcecode.c.h; path = TZVideoPlayerController.h; sourceTree = "<group>"; };
		D814ED5A1C5EEC51009D7616 /* TZVideoPlayerController.m */ = {isa = PBXFileReference; fileEncoding = 4; lastKnownFileType = sourcecode.c.objc; path = TZVideoPlayerController.m; sourceTree = "<group>"; };
		D814ED5B1C5EEC51009D7616 /* UIView+Layout.h */ = {isa = PBXFileReference; fileEncoding = 4; lastKnownFileType = sourcecode.c.h; path = "UIView+Layout.h"; sourceTree = "<group>"; };
		D814ED5C1C5EEC51009D7616 /* UIView+Layout.m */ = {isa = PBXFileReference; fileEncoding = 4; lastKnownFileType = sourcecode.c.objc; path = "UIView+Layout.m"; sourceTree = "<group>"; };
		D814ED771C5EF284009D7616 /* ProgressHUD.bundle */ = {isa = PBXFileReference; lastKnownFileType = "wrapper.plug-in"; path = ProgressHUD.bundle; sourceTree = "<group>"; };
		D814ED781C5EF284009D7616 /* ProgressHUD.h */ = {isa = PBXFileReference; fileEncoding = 4; lastKnownFileType = sourcecode.c.h; path = ProgressHUD.h; sourceTree = "<group>"; };
		D814ED791C5EF284009D7616 /* ProgressHUD.m */ = {isa = PBXFileReference; fileEncoding = 4; lastKnownFileType = sourcecode.c.objc; path = ProgressHUD.m; sourceTree = "<group>"; };
		D8251D121BE8535B00473B49 /* TextContentViewController.h */ = {isa = PBXFileReference; fileEncoding = 4; lastKnownFileType = sourcecode.c.h; path = TextContentViewController.h; sourceTree = "<group>"; };
		D8251D131BE8535B00473B49 /* TextContentViewController.m */ = {isa = PBXFileReference; fileEncoding = 4; lastKnownFileType = sourcecode.c.objc; path = TextContentViewController.m; sourceTree = "<group>"; };
		D8251D151BE8984700473B49 /* zh-Hans */ = {isa = PBXFileReference; lastKnownFileType = text.plist.strings; name = "zh-Hans"; path = "zh-Hans.lproj/Main.strings"; sourceTree = "<group>"; };
		D8251D161BE8984700473B49 /* zh-Hans */ = {isa = PBXFileReference; lastKnownFileType = text.plist.strings; name = "zh-Hans"; path = "zh-Hans.lproj/LaunchScreen.strings"; sourceTree = "<group>"; };
		D8251D171BE8EB9A00473B49 /* Default-568h@2x.png */ = {isa = PBXFileReference; lastKnownFileType = image.png; path = "Default-568h@2x.png"; sourceTree = "<group>"; };
		D8328CDE1BE757BA00454877 /* ScanCode.app */ = {isa = PBXFileReference; explicitFileType = wrapper.application; includeInIndex = 0; path = ScanCode.app; sourceTree = BUILT_PRODUCTS_DIR; };
		D8328CE21BE757BA00454877 /* main.m */ = {isa = PBXFileReference; lastKnownFileType = sourcecode.c.objc; path = main.m; sourceTree = "<group>"; };
		D8328CE41BE757BA00454877 /* AppDelegate.h */ = {isa = PBXFileReference; lastKnownFileType = sourcecode.c.h; path = AppDelegate.h; sourceTree = "<group>"; };
		D8328CE51BE757BA00454877 /* AppDelegate.m */ = {isa = PBXFileReference; lastKnownFileType = sourcecode.c.objc; path = AppDelegate.m; sourceTree = "<group>"; };
		D8328CE71BE757BA00454877 /* ViewController.h */ = {isa = PBXFileReference; lastKnownFileType = sourcecode.c.h; path = ViewController.h; sourceTree = "<group>"; };
		D8328CE81BE757BA00454877 /* ViewController.m */ = {isa = PBXFileReference; lastKnownFileType = sourcecode.c.objc; path = ViewController.m; sourceTree = "<group>"; };
		D8328CEB1BE757BA00454877 /* Base */ = {isa = PBXFileReference; lastKnownFileType = file.storyboard; name = Base; path = Base.lproj/Main.storyboard; sourceTree = "<group>"; };
		D8328CED1BE757BA00454877 /* Assets.xcassets */ = {isa = PBXFileReference; lastKnownFileType = folder.assetcatalog; path = Assets.xcassets; sourceTree = "<group>"; };
		D8328CF01BE757BA00454877 /* Base */ = {isa = PBXFileReference; lastKnownFileType = file.storyboard; name = Base; path = Base.lproj/LaunchScreen.storyboard; sourceTree = "<group>"; };
		D8328CF21BE757BA00454877 /* Info.plist */ = {isa = PBXFileReference; lastKnownFileType = text.plist.xml; path = Info.plist; sourceTree = "<group>"; };
		D8328CF71BE757BA00454877 /* ScanCodeTests.xctest */ = {isa = PBXFileReference; explicitFileType = wrapper.cfbundle; includeInIndex = 0; path = ScanCodeTests.xctest; sourceTree = BUILT_PRODUCTS_DIR; };
		D8328CFB1BE757BA00454877 /* ScanCodeTests.m */ = {isa = PBXFileReference; lastKnownFileType = sourcecode.c.objc; path = ScanCodeTests.m; sourceTree = "<group>"; };
		D8328CFD1BE757BA00454877 /* Info.plist */ = {isa = PBXFileReference; lastKnownFileType = text.plist.xml; path = Info.plist; sourceTree = "<group>"; };
		D8328D021BE757BA00454877 /* ScanCodeUITests.xctest */ = {isa = PBXFileReference; explicitFileType = wrapper.cfbundle; includeInIndex = 0; path = ScanCodeUITests.xctest; sourceTree = BUILT_PRODUCTS_DIR; };
		D8328D061BE757BA00454877 /* ScanCodeUITests.m */ = {isa = PBXFileReference; lastKnownFileType = sourcecode.c.objc; path = ScanCodeUITests.m; sourceTree = "<group>"; };
		D8328D081BE757BA00454877 /* Info.plist */ = {isa = PBXFileReference; lastKnownFileType = text.plist.xml; path = Info.plist; sourceTree = "<group>"; };
		D8328D141BE7582600454877 /* QRCodeViewController.h */ = {isa = PBXFileReference; fileEncoding = 4; lastKnownFileType = sourcecode.c.h; path = QRCodeViewController.h; sourceTree = "<group>"; };
		D8328D151BE7582600454877 /* QRCodeViewController.m */ = {isa = PBXFileReference; fileEncoding = 4; lastKnownFileType = sourcecode.c.objc; path = QRCodeViewController.m; sourceTree = "<group>"; };
		D8328D171BE7586000454877 /* QRView.h */ = {isa = PBXFileReference; fileEncoding = 4; lastKnownFileType = sourcecode.c.h; path = QRView.h; sourceTree = "<group>"; };
		D8328D181BE7586000454877 /* QRView.m */ = {isa = PBXFileReference; fileEncoding = 4; lastKnownFileType = sourcecode.c.objc; path = QRView.m; sourceTree = "<group>"; };
		D8328D1A1BE7587100454877 /* QRCodeDao.h */ = {isa = PBXFileReference; fileEncoding = 4; lastKnownFileType = sourcecode.c.h; path = QRCodeDao.h; sourceTree = "<group>"; };
		D8328D1B1BE7587100454877 /* QRCodeDao.m */ = {isa = PBXFileReference; fileEncoding = 4; lastKnownFileType = sourcecode.c.objc; path = QRCodeDao.m; sourceTree = "<group>"; };
		D8328D1D1BE75B1E00454877 /* qr_scan_line@2x.png */ = {isa = PBXFileReference; lastKnownFileType = image.png; path = "qr_scan_line@2x.png"; sourceTree = "<group>"; };
		D8328D1F1BE761C100454877 /* WebContentViewController.h */ = {isa = PBXFileReference; fileEncoding = 4; lastKnownFileType = sourcecode.c.h; path = WebContentViewController.h; sourceTree = "<group>"; };
		D8328D201BE761C100454877 /* WebContentViewController.m */ = {isa = PBXFileReference; fileEncoding = 4; lastKnownFileType = sourcecode.c.objc; path = WebContentViewController.m; sourceTree = "<group>"; };
		D8328D221BE761E500454877 /* NJKWebViewProgress.h */ = {isa = PBXFileReference; fileEncoding = 4; lastKnownFileType = sourcecode.c.h; path = NJKWebViewProgress.h; sourceTree = "<group>"; };
		D8328D231BE761E500454877 /* NJKWebViewProgress.m */ = {isa = PBXFileReference; fileEncoding = 4; lastKnownFileType = sourcecode.c.objc; path = NJKWebViewProgress.m; sourceTree = "<group>"; };
		D8328D241BE761E500454877 /* NJKWebViewProgressView.h */ = {isa = PBXFileReference; fileEncoding = 4; lastKnownFileType = sourcecode.c.h; path = NJKWebViewProgressView.h; sourceTree = "<group>"; };
		D8328D251BE761E500454877 /* NJKWebViewProgressView.m */ = {isa = PBXFileReference; fileEncoding = 4; lastKnownFileType = sourcecode.c.objc; path = NJKWebViewProgressView.m; sourceTree = "<group>"; };
		D8328D281BE7620300454877 /* bottom_btn_back.png */ = {isa = PBXFileReference; lastKnownFileType = image.png; path = bottom_btn_back.png; sourceTree = "<group>"; };
		D8328D2A1BE7625200454877 /* UIKit.framework */ = {isa = PBXFileReference; lastKnownFileType = wrapper.framework; name = UIKit.framework; path = System/Library/Frameworks/UIKit.framework; sourceTree = SDKROOT; };
		D854A9B11C0DD27100F3FF9D /* SafariServices.framework */ = {isa = PBXFileReference; lastKnownFileType = wrapper.framework; name = SafariServices.framework; path = System/Library/Frameworks/SafariServices.framework; sourceTree = SDKROOT; };
		D8D63BBF1C5B3BBE002C823B /* bitstream.c */ = {isa = PBXFileReference; fileEncoding = 4; lastKnownFileType = sourcecode.c.c; path = bitstream.c; sourceTree = "<group>"; };
		D8D63BC01C5B3BBE002C823B /* bitstream.h */ = {isa = PBXFileReference; fileEncoding = 4; lastKnownFileType = sourcecode.c.h; path = bitstream.h; sourceTree = "<group>"; };
		D8D63BC11C5B3BBE002C823B /* mask.c */ = {isa = PBXFileReference; fileEncoding = 4; lastKnownFileType = sourcecode.c.c; path = mask.c; sourceTree = "<group>"; };
		D8D63BC21C5B3BBE002C823B /* mask.h */ = {isa = PBXFileReference; fileEncoding = 4; lastKnownFileType = sourcecode.c.h; path = mask.h; sourceTree = "<group>"; };
		D8D63BC31C5B3BBE002C823B /* QRCodeGenerator.h */ = {isa = PBXFileReference; fileEncoding = 4; lastKnownFileType = sourcecode.c.h; path = QRCodeGenerator.h; sourceTree = "<group>"; };
		D8D63BC41C5B3BBE002C823B /* QRCodeGenerator.m */ = {isa = PBXFileReference; fileEncoding = 4; lastKnownFileType = sourcecode.c.objc; path = QRCodeGenerator.m; sourceTree = "<group>"; };
		D8D63BC51C5B3BBE002C823B /* qrencode.c */ = {isa = PBXFileReference; fileEncoding = 4; lastKnownFileType = sourcecode.c.c; path = qrencode.c; sourceTree = "<group>"; };
		D8D63BC61C5B3BBE002C823B /* qrencode.h */ = {isa = PBXFileReference; fileEncoding = 4; lastKnownFileType = sourcecode.c.h; path = qrencode.h; sourceTree = "<group>"; };
		D8D63BC71C5B3BBE002C823B /* qrinput.c */ = {isa = PBXFileReference; fileEncoding = 4; lastKnownFileType = sourcecode.c.c; path = qrinput.c; sourceTree = "<group>"; };
		D8D63BC81C5B3BBE002C823B /* qrinput.h */ = {isa = PBXFileReference; fileEncoding = 4; lastKnownFileType = sourcecode.c.h; path = qrinput.h; sourceTree = "<group>"; };
		D8D63BC91C5B3BBE002C823B /* qrspec.c */ = {isa = PBXFileReference; fileEncoding = 4; lastKnownFileType = sourcecode.c.c; path = qrspec.c; sourceTree = "<group>"; };
		D8D63BCA1C5B3BBE002C823B /* qrspec.h */ = {isa = PBXFileReference; fileEncoding = 4; lastKnownFileType = sourcecode.c.h; path = qrspec.h; sourceTree = "<group>"; };
		D8D63BCB1C5B3BBE002C823B /* rscode.c */ = {isa = PBXFileReference; fileEncoding = 4; lastKnownFileType = sourcecode.c.c; path = rscode.c; sourceTree = "<group>"; };
		D8D63BCC1C5B3BBE002C823B /* rscode.h */ = {isa = PBXFileReference; fileEncoding = 4; lastKnownFileType = sourcecode.c.h; path = rscode.h; sourceTree = "<group>"; };
		D8D63BCD1C5B3BBE002C823B /* split.c */ = {isa = PBXFileReference; fileEncoding = 4; lastKnownFileType = sourcecode.c.c; path = split.c; sourceTree = "<group>"; };
		D8D63BCE1C5B3BBE002C823B /* split.h */ = {isa = PBXFileReference; fileEncoding = 4; lastKnownFileType = sourcecode.c.h; path = split.h; sourceTree = "<group>"; };
		D8D63BDB1C5B3C18002C823B /* Decoder.h */ = {isa = PBXFileReference; fileEncoding = 4; lastKnownFileType = sourcecode.c.h; path = Decoder.h; sourceTree = "<group>"; };
		D8D63BDC1C5B3C18002C823B /* Exception.h */ = {isa = PBXFileReference; fileEncoding = 4; lastKnownFileType = sourcecode.c.h; path = Exception.h; sourceTree = "<group>"; };
		D8D63BDD1C5B3C18002C823B /* Image.h */ = {isa = PBXFileReference; fileEncoding = 4; lastKnownFileType = sourcecode.c.h; path = Image.h; sourceTree = "<group>"; };
		D8D63BDE1C5B3C18002C823B /* ImageScanner.h */ = {isa = PBXFileReference; fileEncoding = 4; lastKnownFileType = sourcecode.c.h; path = ImageScanner.h; sourceTree = "<group>"; };
		D8D63BDF1C5B3C18002C823B /* Processor.h */ = {isa = PBXFileReference; fileEncoding = 4; lastKnownFileType = sourcecode.c.h; path = Processor.h; sourceTree = "<group>"; };
		D8D63BE01C5B3C18002C823B /* Scanner.h */ = {isa = PBXFileReference; fileEncoding = 4; lastKnownFileType = sourcecode.c.h; path = Scanner.h; sourceTree = "<group>"; };
		D8D63BE11C5B3C18002C823B /* Symbol.h */ = {isa = PBXFileReference; fileEncoding = 4; lastKnownFileType = sourcecode.c.h; path = Symbol.h; sourceTree = "<group>"; };
		D8D63BE21C5B3C18002C823B /* Video.h */ = {isa = PBXFileReference; fileEncoding = 4; lastKnownFileType = sourcecode.c.h; path = Video.h; sourceTree = "<group>"; };
		D8D63BE31C5B3C18002C823B /* Window.h */ = {isa = PBXFileReference; fileEncoding = 4; lastKnownFileType = sourcecode.c.h; path = Window.h; sourceTree = "<group>"; };
		D8D63BE41C5B3C18002C823B /* zbar.h */ = {isa = PBXFileReference; fileEncoding = 4; lastKnownFileType = sourcecode.c.h; path = zbar.h; sourceTree = "<group>"; };
		D8D63BE51C5B3C18002C823B /* ZBarCameraSimulator.h */ = {isa = PBXFileReference; fileEncoding = 4; lastKnownFileType = sourcecode.c.h; path = ZBarCameraSimulator.h; sourceTree = "<group>"; };
		D8D63BE61C5B3C18002C823B /* ZBarCaptureReader.h */ = {isa = PBXFileReference; fileEncoding = 4; lastKnownFileType = sourcecode.c.h; path = ZBarCaptureReader.h; sourceTree = "<group>"; };
		D8D63BE71C5B3C18002C823B /* ZBarHelpController.h */ = {isa = PBXFileReference; fileEncoding = 4; lastKnownFileType = sourcecode.c.h; path = ZBarHelpController.h; sourceTree = "<group>"; };
		D8D63BE81C5B3C18002C823B /* ZBarImage.h */ = {isa = PBXFileReference; fileEncoding = 4; lastKnownFileType = sourcecode.c.h; path = ZBarImage.h; sourceTree = "<group>"; };
		D8D63BE91C5B3C18002C823B /* ZBarImageScanner.h */ = {isa = PBXFileReference; fileEncoding = 4; lastKnownFileType = sourcecode.c.h; path = ZBarImageScanner.h; sourceTree = "<group>"; };
		D8D63BEA1C5B3C18002C823B /* ZBarReaderController.h */ = {isa = PBXFileReference; fileEncoding = 4; lastKnownFileType = sourcecode.c.h; path = ZBarReaderController.h; sourceTree = "<group>"; };
		D8D63BEB1C5B3C18002C823B /* ZBarReaderView.h */ = {isa = PBXFileReference; fileEncoding = 4; lastKnownFileType = sourcecode.c.h; path = ZBarReaderView.h; sourceTree = "<group>"; };
		D8D63BEC1C5B3C18002C823B /* ZBarReaderViewController.h */ = {isa = PBXFileReference; fileEncoding = 4; lastKnownFileType = sourcecode.c.h; path = ZBarReaderViewController.h; sourceTree = "<group>"; };
		D8D63BED1C5B3C18002C823B /* ZBarSDK.h */ = {isa = PBXFileReference; fileEncoding = 4; lastKnownFileType = sourcecode.c.h; path = ZBarSDK.h; sourceTree = "<group>"; };
		D8D63BEE1C5B3C18002C823B /* ZBarSymbol.h */ = {isa = PBXFileReference; fileEncoding = 4; lastKnownFileType = sourcecode.c.h; path = ZBarSymbol.h; sourceTree = "<group>"; };
		D8D63BF11C5B3C18002C823B /* zbar-back.png */ = {isa = PBXFileReference; lastKnownFileType = image.png; path = "zbar-back.png"; sourceTree = "<group>"; };
		D8D63BF21C5B3C18002C823B /* zbar-help.html */ = {isa = PBXFileReference; fileEncoding = 4; lastKnownFileType = text.html; path = "zbar-help.html"; sourceTree = "<group>"; };
		D8D63BF31C5B3C18002C823B /* zbar-helpicons.png */ = {isa = PBXFileReference; lastKnownFileType = image.png; path = "zbar-helpicons.png"; sourceTree = "<group>"; };
		D8D63BF41C5B3C18002C823B /* zbar-samples.png */ = {isa = PBXFileReference; lastKnownFileType = image.png; path = "zbar-samples.png"; sourceTree = "<group>"; };
		D8D63BFA1C5B3C39002C823B /* AVFoundation.framework */ = {isa = PBXFileReference; lastKnownFileType = wrapper.framework; name = AVFoundation.framework; path = System/Library/Frameworks/AVFoundation.framework; sourceTree = SDKROOT; };
		D8D63BFC1C5B3C40002C823B /* CoreMedia.framework */ = {isa = PBXFileReference; lastKnownFileType = wrapper.framework; name = CoreMedia.framework; path = System/Library/Frameworks/CoreMedia.framework; sourceTree = SDKROOT; };
		D8D63BFE1C5B3C48002C823B /* CoreVideo.framework */ = {isa = PBXFileReference; lastKnownFileType = wrapper.framework; name = CoreVideo.framework; path = System/Library/Frameworks/CoreVideo.framework; sourceTree = SDKROOT; };
		D8D63C001C5B3C55002C823B /* QuartzCore.framework */ = {isa = PBXFileReference; lastKnownFileType = wrapper.framework; name = QuartzCore.framework; path = System/Library/Frameworks/QuartzCore.framework; sourceTree = SDKROOT; };
		D8D63C021C5B3C63002C823B /* libiconv.tbd */ = {isa = PBXFileReference; lastKnownFileType = "sourcecode.text-based-dylib-definition"; name = libiconv.tbd; path = usr/lib/libiconv.tbd; sourceTree = SDKROOT; };
		D8D63C041C5B432A002C823B /* libzbar.a */ = {isa = PBXFileReference; lastKnownFileType = archive.ar; path = libzbar.a; sourceTree = "<group>"; };
/* End PBXFileReference section */

/* Begin PBXFrameworksBuildPhase section */
		D8328CDB1BE757BA00454877 /* Frameworks */ = {
			isa = PBXFrameworksBuildPhase;
			buildActionMask = 2147483647;
			files = (
				D8D63C031C5B3C63002C823B /* libiconv.tbd in Frameworks */,
				D8D63C011C5B3C55002C823B /* QuartzCore.framework in Frameworks */,
				D8D63BFF1C5B3C48002C823B /* CoreVideo.framework in Frameworks */,
				D8D63BFD1C5B3C40002C823B /* CoreMedia.framework in Frameworks */,
				D8D63BFB1C5B3C39002C823B /* AVFoundation.framework in Frameworks */,
				D854A9B21C0DD27100F3FF9D /* SafariServices.framework in Frameworks */,
				D8D63C051C5B432A002C823B /* libzbar.a in Frameworks */,
				D8328D2B1BE7625200454877 /* UIKit.framework in Frameworks */,
			);
			runOnlyForDeploymentPostprocessing = 0;
		};
		D8328CF41BE757BA00454877 /* Frameworks */ = {
			isa = PBXFrameworksBuildPhase;
			buildActionMask = 2147483647;
			files = (
			);
			runOnlyForDeploymentPostprocessing = 0;
		};
		D8328CFF1BE757BA00454877 /* Frameworks */ = {
			isa = PBXFrameworksBuildPhase;
			buildActionMask = 2147483647;
			files = (
			);
			runOnlyForDeploymentPostprocessing = 0;
		};
/* End PBXFrameworksBuildPhase section */

/* Begin PBXGroup section */
		D814ED391C5EEC51009D7616 /* TZImagePickerController */ = {
			isa = PBXGroup;
			children = (
				D814ED3A1C5EEC51009D7616 /* Resource */,
				D814ED4B1C5EEC51009D7616 /* TZAssetCell.h */,
				D814ED4C1C5EEC51009D7616 /* TZAssetCell.m */,
				D814ED4D1C5EEC51009D7616 /* TZAssetModel.h */,
				D814ED4E1C5EEC51009D7616 /* TZAssetModel.m */,
				D814ED4F1C5EEC51009D7616 /* TZImageManager.h */,
				D814ED501C5EEC51009D7616 /* TZImageManager.m */,
				D814ED511C5EEC51009D7616 /* TZImagePickerController.h */,
				D814ED521C5EEC51009D7616 /* TZImagePickerController.m */,
				D814ED531C5EEC51009D7616 /* TZPhotoPickerController.h */,
				D814ED541C5EEC51009D7616 /* TZPhotoPickerController.m */,
				D814ED551C5EEC51009D7616 /* TZPhotoPreviewCell.h */,
				D814ED561C5EEC51009D7616 /* TZPhotoPreviewCell.m */,
				D814ED571C5EEC51009D7616 /* TZPhotoPreviewController.h */,
				D814ED581C5EEC51009D7616 /* TZPhotoPreviewController.m */,
				D814ED591C5EEC51009D7616 /* TZVideoPlayerController.h */,
				D814ED5A1C5EEC51009D7616 /* TZVideoPlayerController.m */,
				D814ED5B1C5EEC51009D7616 /* UIView+Layout.h */,
				D814ED5C1C5EEC51009D7616 /* UIView+Layout.m */,
			);
			path = TZImagePickerController;
			sourceTree = "<group>";
		};
		D814ED3A1C5EEC51009D7616 /* Resource */ = {
			isa = PBXGroup;
			children = (
				D814ED3B1C5EEC51009D7616 /* MMVideoPreviewPlay@2x.png */,
				D814ED3C1C5EEC51009D7616 /* MMVideoPreviewPlayHL@2x.png */,
				D814ED3D1C5EEC51009D7616 /* navi_back@2x.png */,
				D814ED3E1C5EEC51009D7616 /* photo_def_photoPickerVc@2x.png */,
				D814ED3F1C5EEC51009D7616 /* photo_def_previewVc@2x.png */,
				D814ED401C5EEC51009D7616 /* photo_number_icon@2x.png */,
				D814ED411C5EEC51009D7616 /* photo_original_def@2x.png */,
				D814ED421C5EEC51009D7616 /* photo_original_sel@2x.png */,
				D814ED431C5EEC51009D7616 /* photo_sel_photoPickerVc@2x.png */,
				D814ED441C5EEC51009D7616 /* photo_sel_previewVc@2x.png */,
				D814ED451C5EEC51009D7616 /* preview_number_icon@2x.png */,
				D814ED461C5EEC51009D7616 /* preview_original_def@2x.png */,
				D814ED471C5EEC51009D7616 /* TableViewArrow@2x.png */,
				D814ED481C5EEC51009D7616 /* TZAlbumCell.xib */,
				D814ED491C5EEC51009D7616 /* TZAssetCell.xib */,
				D814ED4A1C5EEC51009D7616 /* VideoSendIcon@2x.png */,
			);
			path = Resource;
			sourceTree = "<group>";
		};
		D814ED761C5EF284009D7616 /* ProgressHUD */ = {
			isa = PBXGroup;
			children = (
				D814ED771C5EF284009D7616 /* ProgressHUD.bundle */,
				D814ED781C5EF284009D7616 /* ProgressHUD.h */,
				D814ED791C5EF284009D7616 /* ProgressHUD.m */,
			);
			path = ProgressHUD;
			sourceTree = "<group>";
		};
		D8328CD51BE757BA00454877 = {
			isa = PBXGroup;
			children = (
				D8D63C021C5B3C63002C823B /* libiconv.tbd */,
				D8D63C001C5B3C55002C823B /* QuartzCore.framework */,
				D8D63BFE1C5B3C48002C823B /* CoreVideo.framework */,
				D8D63BFC1C5B3C40002C823B /* CoreMedia.framework */,
				D8D63BFA1C5B3C39002C823B /* AVFoundation.framework */,
				D854A9B11C0DD27100F3FF9D /* SafariServices.framework */,
				D8328D2A1BE7625200454877 /* UIKit.framework */,
				D8328CE01BE757BA00454877 /* ScanCode */,
				D8328CFA1BE757BA00454877 /* ScanCodeTests */,
				D8328D051BE757BA00454877 /* ScanCodeUITests */,
				D8328CDF1BE757BA00454877 /* Products */,
			);
			sourceTree = "<group>";
		};
		D8328CDF1BE757BA00454877 /* Products */ = {
			isa = PBXGroup;
			children = (
				D8328CDE1BE757BA00454877 /* ScanCode.app */,
				D8328CF71BE757BA00454877 /* ScanCodeTests.xctest */,
				D8328D021BE757BA00454877 /* ScanCodeUITests.xctest */,
			);
			name = Products;
			sourceTree = "<group>";
		};
		D8328CE01BE757BA00454877 /* ScanCode */ = {
			isa = PBXGroup;
			children = (
				D814ED761C5EF284009D7616 /* ProgressHUD */,
				D814ED391C5EEC51009D7616 /* TZImagePickerController */,
				D8D63BD71C5B3C18002C823B /* ZBarSDK */,
				D8D63BBE1C5B3BBE002C823B /* LibQREncode */,
				D8328CE41BE757BA00454877 /* AppDelegate.h */,
				D8328CE51BE757BA00454877 /* AppDelegate.m */,
				D8328CE71BE757BA00454877 /* ViewController.h */,
				D8328CE81BE757BA00454877 /* ViewController.m */,
				D8328D141BE7582600454877 /* QRCodeViewController.h */,
				D8328D151BE7582600454877 /* QRCodeViewController.m */,
				D8328D1A1BE7587100454877 /* QRCodeDao.h */,
				D8328D1B1BE7587100454877 /* QRCodeDao.m */,
				D8328D171BE7586000454877 /* QRView.h */,
				D8328D181BE7586000454877 /* QRView.m */,
				D8251D121BE8535B00473B49 /* TextContentViewController.h */,
				D8251D131BE8535B00473B49 /* TextContentViewController.m */,
				D8328D1F1BE761C100454877 /* WebContentViewController.h */,
				D8328D201BE761C100454877 /* WebContentViewController.m */,
				D8328D221BE761E500454877 /* NJKWebViewProgress.h */,
				D8328D231BE761E500454877 /* NJKWebViewProgress.m */,
				D8328D241BE761E500454877 /* NJKWebViewProgressView.h */,
				D8328D251BE761E500454877 /* NJKWebViewProgressView.m */,
				D8328D1D1BE75B1E00454877 /* qr_scan_line@2x.png */,
				D8328D281BE7620300454877 /* bottom_btn_back.png */,
				D8251D171BE8EB9A00473B49 /* Default-568h@2x.png */,
				D8328CEA1BE757BA00454877 /* Main.storyboard */,
				D8328CED1BE757BA00454877 /* Assets.xcassets */,
				D8328CEF1BE757BA00454877 /* LaunchScreen.storyboard */,
				D8328CF21BE757BA00454877 /* Info.plist */,
				D8328CE11BE757BA00454877 /* Supporting Files */,
			);
			path = ScanCode;
			sourceTree = "<group>";
		};
		D8328CE11BE757BA00454877 /* Supporting Files */ = {
			isa = PBXGroup;
			children = (
				D8328CE21BE757BA00454877 /* main.m */,
			);
			name = "Supporting Files";
			sourceTree = "<group>";
		};
		D8328CFA1BE757BA00454877 /* ScanCodeTests */ = {
			isa = PBXGroup;
			children = (
				D8328CFB1BE757BA00454877 /* ScanCodeTests.m */,
				D8328CFD1BE757BA00454877 /* Info.plist */,
			);
			path = ScanCodeTests;
			sourceTree = "<group>";
		};
		D8328D051BE757BA00454877 /* ScanCodeUITests */ = {
			isa = PBXGroup;
			children = (
				D8328D061BE757BA00454877 /* ScanCodeUITests.m */,
				D8328D081BE757BA00454877 /* Info.plist */,
			);
			path = ScanCodeUITests;
			sourceTree = "<group>";
		};
		D8D63BBE1C5B3BBE002C823B /* LibQREncode */ = {
			isa = PBXGroup;
			children = (
				D8D63BBF1C5B3BBE002C823B /* bitstream.c */,
				D8D63BC01C5B3BBE002C823B /* bitstream.h */,
				D8D63BC11C5B3BBE002C823B /* mask.c */,
				D8D63BC21C5B3BBE002C823B /* mask.h */,
				D8D63BC31C5B3BBE002C823B /* QRCodeGenerator.h */,
				D8D63BC41C5B3BBE002C823B /* QRCodeGenerator.m */,
				D8D63BC51C5B3BBE002C823B /* qrencode.c */,
				D8D63BC61C5B3BBE002C823B /* qrencode.h */,
				D8D63BC71C5B3BBE002C823B /* qrinput.c */,
				D8D63BC81C5B3BBE002C823B /* qrinput.h */,
				D8D63BC91C5B3BBE002C823B /* qrspec.c */,
				D8D63BCA1C5B3BBE002C823B /* qrspec.h */,
				D8D63BCB1C5B3BBE002C823B /* rscode.c */,
				D8D63BCC1C5B3BBE002C823B /* rscode.h */,
				D8D63BCD1C5B3BBE002C823B /* split.c */,
				D8D63BCE1C5B3BBE002C823B /* split.h */,
			);
			path = LibQREncode;
			sourceTree = "<group>";
		};
		D8D63BD71C5B3C18002C823B /* ZBarSDK */ = {
			isa = PBXGroup;
			children = (
				D8D63C041C5B432A002C823B /* libzbar.a */,
				D8D63BD81C5B3C18002C823B /* Headers */,
				D8D63BF01C5B3C18002C823B /* Resources */,
			);
			path = ZBarSDK;
			sourceTree = "<group>";
		};
		D8D63BD81C5B3C18002C823B /* Headers */ = {
			isa = PBXGroup;
			children = (
				D8D63BD91C5B3C18002C823B /* ZBarSDK */,
			);
			path = Headers;
			sourceTree = "<group>";
		};
		D8D63BD91C5B3C18002C823B /* ZBarSDK */ = {
			isa = PBXGroup;
			children = (
				D8D63BDA1C5B3C18002C823B /* zbar */,
				D8D63BE41C5B3C18002C823B /* zbar.h */,
				D8D63BE51C5B3C18002C823B /* ZBarCameraSimulator.h */,
				D8D63BE61C5B3C18002C823B /* ZBarCaptureReader.h */,
				D8D63BE71C5B3C18002C823B /* ZBarHelpController.h */,
				D8D63BE81C5B3C18002C823B /* ZBarImage.h */,
				D8D63BE91C5B3C18002C823B /* ZBarImageScanner.h */,
				D8D63BEA1C5B3C18002C823B /* ZBarReaderController.h */,
				D8D63BEB1C5B3C18002C823B /* ZBarReaderView.h */,
				D8D63BEC1C5B3C18002C823B /* ZBarReaderViewController.h */,
				D8D63BED1C5B3C18002C823B /* ZBarSDK.h */,
				D8D63BEE1C5B3C18002C823B /* ZBarSymbol.h */,
			);
			path = ZBarSDK;
			sourceTree = "<group>";
		};
		D8D63BDA1C5B3C18002C823B /* zbar */ = {
			isa = PBXGroup;
			children = (
				D8D63BDB1C5B3C18002C823B /* Decoder.h */,
				D8D63BDC1C5B3C18002C823B /* Exception.h */,
				D8D63BDD1C5B3C18002C823B /* Image.h */,
				D8D63BDE1C5B3C18002C823B /* ImageScanner.h */,
				D8D63BDF1C5B3C18002C823B /* Processor.h */,
				D8D63BE01C5B3C18002C823B /* Scanner.h */,
				D8D63BE11C5B3C18002C823B /* Symbol.h */,
				D8D63BE21C5B3C18002C823B /* Video.h */,
				D8D63BE31C5B3C18002C823B /* Window.h */,
			);
			path = zbar;
			sourceTree = "<group>";
		};
		D8D63BF01C5B3C18002C823B /* Resources */ = {
			isa = PBXGroup;
			children = (
				D8D63BF11C5B3C18002C823B /* zbar-back.png */,
				D8D63BF21C5B3C18002C823B /* zbar-help.html */,
				D8D63BF31C5B3C18002C823B /* zbar-helpicons.png */,
				D8D63BF41C5B3C18002C823B /* zbar-samples.png */,
			);
			path = Resources;
			sourceTree = "<group>";
		};
/* End PBXGroup section */

/* Begin PBXNativeTarget section */
		D8328CDD1BE757BA00454877 /* ScanCode */ = {
			isa = PBXNativeTarget;
			buildConfigurationList = D8328D0B1BE757BA00454877 /* Build configuration list for PBXNativeTarget "ScanCode" */;
			buildPhases = (
				D8328CDA1BE757BA00454877 /* Sources */,
				D8328CDB1BE757BA00454877 /* Frameworks */,
				D8328CDC1BE757BA00454877 /* Resources */,
			);
			buildRules = (
			);
			dependencies = (
			);
			name = ScanCode;
			productName = ScanCode;
			productReference = D8328CDE1BE757BA00454877 /* ScanCode.app */;
			productType = "com.apple.product-type.application";
		};
		D8328CF61BE757BA00454877 /* ScanCodeTests */ = {
			isa = PBXNativeTarget;
			buildConfigurationList = D8328D0E1BE757BA00454877 /* Build configuration list for PBXNativeTarget "ScanCodeTests" */;
			buildPhases = (
				D8328CF31BE757BA00454877 /* Sources */,
				D8328CF41BE757BA00454877 /* Frameworks */,
				D8328CF51BE757BA00454877 /* Resources */,
			);
			buildRules = (
			);
			dependencies = (
				D8328CF91BE757BA00454877 /* PBXTargetDependency */,
			);
			name = ScanCodeTests;
			productName = ScanCodeTests;
			productReference = D8328CF71BE757BA00454877 /* ScanCodeTests.xctest */;
			productType = "com.apple.product-type.bundle.unit-test";
		};
		D8328D011BE757BA00454877 /* ScanCodeUITests */ = {
			isa = PBXNativeTarget;
			buildConfigurationList = D8328D111BE757BA00454877 /* Build configuration list for PBXNativeTarget "ScanCodeUITests" */;
			buildPhases = (
				D8328CFE1BE757BA00454877 /* Sources */,
				D8328CFF1BE757BA00454877 /* Frameworks */,
				D8328D001BE757BA00454877 /* Resources */,
			);
			buildRules = (
			);
			dependencies = (
				D8328D041BE757BA00454877 /* PBXTargetDependency */,
			);
			name = ScanCodeUITests;
			productName = ScanCodeUITests;
			productReference = D8328D021BE757BA00454877 /* ScanCodeUITests.xctest */;
			productType = "com.apple.product-type.bundle.ui-testing";
		};
/* End PBXNativeTarget section */

/* Begin PBXProject section */
		D8328CD61BE757BA00454877 /* Project object */ = {
			isa = PBXProject;
			attributes = {
				LastUpgradeCheck = 0710;
				ORGANIZATIONNAME = TaoXinle;
				TargetAttributes = {
					D8328CDD1BE757BA00454877 = {
						CreatedOnToolsVersion = 7.1;
						DevelopmentTeam = 4225KQ7WC5;
					};
					D8328CF61BE757BA00454877 = {
						CreatedOnToolsVersion = 7.1;
						TestTargetID = D8328CDD1BE757BA00454877;
					};
					D8328D011BE757BA00454877 = {
						CreatedOnToolsVersion = 7.1;
						TestTargetID = D8328CDD1BE757BA00454877;
					};
				};
			};
			buildConfigurationList = D8328CD91BE757BA00454877 /* Build configuration list for PBXProject "ScanCode" */;
			compatibilityVersion = "Xcode 3.2";
			developmentRegion = English;
			hasScannedForEncodings = 0;
			knownRegions = (
				en,
				Base,
			);
			mainGroup = D8328CD51BE757BA00454877;
			productRefGroup = D8328CDF1BE757BA00454877 /* Products */;
			projectDirPath = "";
			projectRoot = "";
			targets = (
				D8328CDD1BE757BA00454877 /* ScanCode */,
				D8328CF61BE757BA00454877 /* ScanCodeTests */,
				D8328D011BE757BA00454877 /* ScanCodeUITests */,
			);
		};
/* End PBXProject section */

/* Begin PBXResourcesBuildPhase section */
		D8328CDC1BE757BA00454877 /* Resources */ = {
			isa = PBXResourcesBuildPhase;
			buildActionMask = 2147483647;
			files = (
				D814ED651C5EEC51009D7616 /* photo_sel_photoPickerVc@2x.png in Resources */,
				D8328CF11BE757BA00454877 /* LaunchScreen.storyboard in Resources */,
				D814ED601C5EEC51009D7616 /* photo_def_photoPickerVc@2x.png in Resources */,
				D814ED5E1C5EEC51009D7616 /* MMVideoPreviewPlayHL@2x.png in Resources */,
				D8328CEE1BE757BA00454877 /* Assets.xcassets in Resources */,
				D814ED7A1C5EF284009D7616 /* ProgressHUD.bundle in Resources */,
				D8D63BF61C5B3C18002C823B /* zbar-back.png in Resources */,
				D8328D1E1BE75B1E00454877 /* qr_scan_line@2x.png in Resources */,
				D814ED6A1C5EEC51009D7616 /* TZAlbumCell.xib in Resources */,
				D814ED631C5EEC51009D7616 /* photo_original_def@2x.png in Resources */,
				D814ED691C5EEC51009D7616 /* TableViewArrow@2x.png in Resources */,
				D814ED641C5EEC51009D7616 /* photo_original_sel@2x.png in Resources */,
				D8328D291BE7620300454877 /* bottom_btn_back.png in Resources */,
				D814ED611C5EEC51009D7616 /* photo_def_previewVc@2x.png in Resources */,
				D8328CEC1BE757BA00454877 /* Main.storyboard in Resources */,
				D8D63BF91C5B3C18002C823B /* zbar-samples.png in Resources */,
				D814ED671C5EEC51009D7616 /* preview_number_icon@2x.png in Resources */,
				D8D63BF71C5B3C18002C823B /* zbar-help.html in Resources */,
				D814ED5D1C5EEC51009D7616 /* MMVideoPreviewPlay@2x.png in Resources */,
				D8251D181BE8EB9A00473B49 /* Default-568h@2x.png in Resources */,
				D814ED5F1C5EEC51009D7616 /* navi_back@2x.png in Resources */,
				D814ED6B1C5EEC51009D7616 /* TZAssetCell.xib in Resources */,
				D814ED681C5EEC51009D7616 /* preview_original_def@2x.png in Resources */,
				D8D63BF81C5B3C18002C823B /* zbar-helpicons.png in Resources */,
				D814ED661C5EEC51009D7616 /* photo_sel_previewVc@2x.png in Resources */,
				D814ED621C5EEC51009D7616 /* photo_number_icon@2x.png in Resources */,
				D814ED6C1C5EEC51009D7616 /* VideoSendIcon@2x.png in Resources */,
			);
			runOnlyForDeploymentPostprocessing = 0;
		};
		D8328CF51BE757BA00454877 /* Resources */ = {
			isa = PBXResourcesBuildPhase;
			buildActionMask = 2147483647;
			files = (
			);
			runOnlyForDeploymentPostprocessing = 0;
		};
		D8328D001BE757BA00454877 /* Resources */ = {
			isa = PBXResourcesBuildPhase;
			buildActionMask = 2147483647;
			files = (
			);
			runOnlyForDeploymentPostprocessing = 0;
		};
/* End PBXResourcesBuildPhase section */

/* Begin PBXSourcesBuildPhase section */
		D8328CDA1BE757BA00454877 /* Sources */ = {
			isa = PBXSourcesBuildPhase;
			buildActionMask = 2147483647;
			files = (
				D8328D261BE761E500454877 /* NJKWebViewProgress.m in Sources */,
				D814ED6F1C5EEC51009D7616 /* TZImageManager.m in Sources */,
				D8328CE91BE757BA00454877 /* ViewController.m in Sources */,
				D814ED711C5EEC51009D7616 /* TZPhotoPickerController.m in Sources */,
				D814ED741C5EEC51009D7616 /* TZVideoPlayerController.m in Sources */,
				D8D63BD31C5B3BBE002C823B /* qrinput.c in Sources */,
				D8328CE61BE757BA00454877 /* AppDelegate.m in Sources */,
				D814ED701C5EEC51009D7616 /* TZImagePickerController.m in Sources */,
				D8D63BD51C5B3BBE002C823B /* rscode.c in Sources */,
				D814ED731C5EEC51009D7616 /* TZPhotoPreviewController.m in Sources */,
				D814ED7B1C5EF284009D7616 /* ProgressHUD.m in Sources */,
				D8D63BD01C5B3BBE002C823B /* mask.c in Sources */,
				D814ED721C5EEC51009D7616 /* TZPhotoPreviewCell.m in Sources */,
				D8D63BD21C5B3BBE002C823B /* qrencode.c in Sources */,
				D8251D141BE8535B00473B49 /* TextContentViewController.m in Sources */,
				D814ED751C5EEC51009D7616 /* UIView+Layout.m in Sources */,
				D8D63BD41C5B3BBE002C823B /* qrspec.c in Sources */,
				D8D63BCF1C5B3BBE002C823B /* bitstream.c in Sources */,
				D814ED6D1C5EEC51009D7616 /* TZAssetCell.m in Sources */,
				D8328D161BE7582600454877 /* QRCodeViewController.m in Sources */,
				D814ED6E1C5EEC51009D7616 /* TZAssetModel.m in Sources */,
				D8328CE31BE757BA00454877 /* main.m in Sources */,
				D8D63BD61C5B3BBE002C823B /* split.c in Sources */,
				D8328D1C1BE7587100454877 /* QRCodeDao.m in Sources */,
				D8328D211BE761C100454877 /* WebContentViewController.m in Sources */,
				D8328D271BE761E500454877 /* NJKWebViewProgressView.m in Sources */,
				D8328D191BE7586000454877 /* QRView.m in Sources */,
				D8D63BD11C5B3BBE002C823B /* QRCodeGenerator.m in Sources */,
			);
			runOnlyForDeploymentPostprocessing = 0;
		};
		D8328CF31BE757BA00454877 /* Sources */ = {
			isa = PBXSourcesBuildPhase;
			buildActionMask = 2147483647;
			files = (
				D8328CFC1BE757BA00454877 /* ScanCodeTests.m in Sources */,
			);
			runOnlyForDeploymentPostprocessing = 0;
		};
		D8328CFE1BE757BA00454877 /* Sources */ = {
			isa = PBXSourcesBuildPhase;
			buildActionMask = 2147483647;
			files = (
				D8328D071BE757BA00454877 /* ScanCodeUITests.m in Sources */,
			);
			runOnlyForDeploymentPostprocessing = 0;
		};
/* End PBXSourcesBuildPhase section */

/* Begin PBXTargetDependency section */
		D8328CF91BE757BA00454877 /* PBXTargetDependency */ = {
			isa = PBXTargetDependency;
			target = D8328CDD1BE757BA00454877 /* ScanCode */;
			targetProxy = D8328CF81BE757BA00454877 /* PBXContainerItemProxy */;
		};
		D8328D041BE757BA00454877 /* PBXTargetDependency */ = {
			isa = PBXTargetDependency;
			target = D8328CDD1BE757BA00454877 /* ScanCode */;
			targetProxy = D8328D031BE757BA00454877 /* PBXContainerItemProxy */;
		};
/* End PBXTargetDependency section */

/* Begin PBXVariantGroup section */
		D8328CEA1BE757BA00454877 /* Main.storyboard */ = {
			isa = PBXVariantGroup;
			children = (
				D8328CEB1BE757BA00454877 /* Base */,
				D8251D151BE8984700473B49 /* zh-Hans */,
			);
			name = Main.storyboard;
			sourceTree = "<group>";
		};
		D8328CEF1BE757BA00454877 /* LaunchScreen.storyboard */ = {
			isa = PBXVariantGroup;
			children = (
				D8328CF01BE757BA00454877 /* Base */,
				D8251D161BE8984700473B49 /* zh-Hans */,
			);
			name = LaunchScreen.storyboard;
			sourceTree = "<group>";
		};
/* End PBXVariantGroup section */

/* Begin XCBuildConfiguration section */
		D8328D091BE757BA00454877 /* Debug */ = {
			isa = XCBuildConfiguration;
			buildSettings = {
				ALWAYS_SEARCH_USER_PATHS = NO;
				CLANG_CXX_LANGUAGE_STANDARD = "gnu++0x";
				CLANG_CXX_LIBRARY = "libc++";
				CLANG_ENABLE_MODULES = YES;
				CLANG_ENABLE_OBJC_ARC = YES;
				CLANG_WARN_BOOL_CONVERSION = YES;
				CLANG_WARN_CONSTANT_CONVERSION = YES;
				CLANG_WARN_DIRECT_OBJC_ISA_USAGE = YES_ERROR;
				CLANG_WARN_EMPTY_BODY = YES;
				CLANG_WARN_ENUM_CONVERSION = YES;
				CLANG_WARN_INT_CONVERSION = YES;
				CLANG_WARN_OBJC_ROOT_CLASS = YES_ERROR;
				CLANG_WARN_UNREACHABLE_CODE = YES;
				CLANG_WARN__DUPLICATE_METHOD_MATCH = YES;
				CODE_SIGN_IDENTITY = "iPhone Developer: Xinle Tao (CUVR22NJYL)";
				"CODE_SIGN_IDENTITY[sdk=iphoneos*]" = "iPhone Developer: Xinle Tao (CUVR22NJYL)";
				COPY_PHASE_STRIP = NO;
				DEBUG_INFORMATION_FORMAT = dwarf;
				ENABLE_STRICT_OBJC_MSGSEND = YES;
				ENABLE_TESTABILITY = YES;
				GCC_C_LANGUAGE_STANDARD = gnu99;
				GCC_DYNAMIC_NO_PIC = NO;
				GCC_NO_COMMON_BLOCKS = YES;
				GCC_OPTIMIZATION_LEVEL = 0;
				GCC_PREPROCESSOR_DEFINITIONS = (
					"DEBUG=1",
					"$(inherited)",
				);
				GCC_WARN_64_TO_32_BIT_CONVERSION = YES;
				GCC_WARN_ABOUT_RETURN_TYPE = YES_ERROR;
				GCC_WARN_UNDECLARED_SELECTOR = YES;
				GCC_WARN_UNINITIALIZED_AUTOS = YES_AGGRESSIVE;
				GCC_WARN_UNUSED_FUNCTION = YES;
				GCC_WARN_UNUSED_VARIABLE = YES;
				IPHONEOS_DEPLOYMENT_TARGET = 7.1;
				MTL_ENABLE_DEBUG_INFO = YES;
				ONLY_ACTIVE_ARCH = YES;
				PROVISIONING_PROFILE = "";
				SDKROOT = iphoneos;
				TARGETED_DEVICE_FAMILY = "1,2";
			};
			name = Debug;
		};
		D8328D0A1BE757BA00454877 /* Release */ = {
			isa = XCBuildConfiguration;
			buildSettings = {
				ALWAYS_SEARCH_USER_PATHS = NO;
				CLANG_CXX_LANGUAGE_STANDARD = "gnu++0x";
				CLANG_CXX_LIBRARY = "libc++";
				CLANG_ENABLE_MODULES = YES;
				CLANG_ENABLE_OBJC_ARC = YES;
				CLANG_WARN_BOOL_CONVERSION = YES;
				CLANG_WARN_CONSTANT_CONVERSION = YES;
				CLANG_WARN_DIRECT_OBJC_ISA_USAGE = YES_ERROR;
				CLANG_WARN_EMPTY_BODY = YES;
				CLANG_WARN_ENUM_CONVERSION = YES;
				CLANG_WARN_INT_CONVERSION = YES;
				CLANG_WARN_OBJC_ROOT_CLASS = YES_ERROR;
				CLANG_WARN_UNREACHABLE_CODE = YES;
				CLANG_WARN__DUPLICATE_METHOD_MATCH = YES;
				CODE_SIGN_IDENTITY = "iPhone Developer: Xinle Tao (CUVR22NJYL)";
				"CODE_SIGN_IDENTITY[sdk=iphoneos*]" = "iPhone Developer: Xinle Tao (CUVR22NJYL)";
				COPY_PHASE_STRIP = NO;
				DEBUG_INFORMATION_FORMAT = "dwarf-with-dsym";
				ENABLE_NS_ASSERTIONS = NO;
				ENABLE_STRICT_OBJC_MSGSEND = YES;
				GCC_C_LANGUAGE_STANDARD = gnu99;
				GCC_NO_COMMON_BLOCKS = YES;
				GCC_WARN_64_TO_32_BIT_CONVERSION = YES;
				GCC_WARN_ABOUT_RETURN_TYPE = YES_ERROR;
				GCC_WARN_UNDECLARED_SELECTOR = YES;
				GCC_WARN_UNINITIALIZED_AUTOS = YES_AGGRESSIVE;
				GCC_WARN_UNUSED_FUNCTION = YES;
				GCC_WARN_UNUSED_VARIABLE = YES;
				IPHONEOS_DEPLOYMENT_TARGET = 7.1;
				MTL_ENABLE_DEBUG_INFO = NO;
				PROVISIONING_PROFILE = "";
				SDKROOT = iphoneos;
				TARGETED_DEVICE_FAMILY = "1,2";
				VALIDATE_PRODUCT = YES;
			};
			name = Release;
		};
		D8328D0C1BE757BA00454877 /* Debug */ = {
			isa = XCBuildConfiguration;
			buildSettings = {
				ASSETCATALOG_COMPILER_APPICON_NAME = AppIcon;
				CODE_SIGN_IDENTITY = "iPhone Developer";
				"CODE_SIGN_IDENTITY[sdk=iphoneos*]" = "iPhone Developer";
				INFOPLIST_FILE = ScanCode/Info.plist;
				IPHONEOS_DEPLOYMENT_TARGET = 8.0;
				LD_RUNPATH_SEARCH_PATHS = "$(inherited) @executable_path/Frameworks";
				LIBRARY_SEARCH_PATHS = (
					"$(inherited)",
					"$(PROJECT_DIR)/ScanCode/ZBarSDK",
				);
				PRODUCT_BUNDLE_IDENTIFIER = com.uzero.scanqr;
				PRODUCT_MODULE_NAME = SCSwiftModule;
				PRODUCT_NAME = "$(TARGET_NAME)";
				PROVISIONING_PROFILE = "";
				TARGETED_DEVICE_FAMILY = 1;
			};
			name = Debug;
		};
		D8328D0D1BE757BA00454877 /* Release */ = {
			isa = XCBuildConfiguration;
			buildSettings = {
				ASSETCATALOG_COMPILER_APPICON_NAME = AppIcon;
				CODE_SIGN_IDENTITY = "iPhone Developer";
				"CODE_SIGN_IDENTITY[sdk=iphoneos*]" = "iPhone Developer";
				INFOPLIST_FILE = ScanCode/Info.plist;
				IPHONEOS_DEPLOYMENT_TARGET = 8.0;
				LD_RUNPATH_SEARCH_PATHS = "$(inherited) @executable_path/Frameworks";
				LIBRARY_SEARCH_PATHS = (
					"$(inherited)",
					"$(PROJECT_DIR)/ScanCode/ZBarSDK",
				);
				PRODUCT_BUNDLE_IDENTIFIER = com.uzero.scanqr;
				PRODUCT_MODULE_NAME = SCSwiftModule;
				PRODUCT_NAME = "$(TARGET_NAME)";
				PROVISIONING_PROFILE = "";
				TARGETED_DEVICE_FAMILY = 1;
			};
			name = Release;
		};
		D8328D0F1BE757BA00454877 /* Debug */ = {
			isa = XCBuildConfiguration;
			buildSettings = {
				BUNDLE_LOADER = "$(TEST_HOST)";
				INFOPLIST_FILE = ScanCodeTests/Info.plist;
				LD_RUNPATH_SEARCH_PATHS = "$(inherited) @executable_path/Frameworks @loader_path/Frameworks";
				PRODUCT_BUNDLE_IDENTIFIER = CLSC.ScanCodeTests;
				PRODUCT_NAME = "$(TARGET_NAME)";
				TEST_HOST = "$(BUILT_PRODUCTS_DIR)/ScanCode.app/ScanCode";
			};
			name = Debug;
		};
		D8328D101BE757BA00454877 /* Release */ = {
			isa = XCBuildConfiguration;
			buildSettings = {
				BUNDLE_LOADER = "$(TEST_HOST)";
				INFOPLIST_FILE = ScanCodeTests/Info.plist;
				LD_RUNPATH_SEARCH_PATHS = "$(inherited) @executable_path/Frameworks @loader_path/Frameworks";
				PRODUCT_BUNDLE_IDENTIFIER = CLSC.ScanCodeTests;
				PRODUCT_NAME = "$(TARGET_NAME)";
				TEST_HOST = "$(BUILT_PRODUCTS_DIR)/ScanCode.app/ScanCode";
			};
			name = Release;
		};
		D8328D121BE757BA00454877 /* Debug */ = {
			isa = XCBuildConfiguration;
			buildSettings = {
				INFOPLIST_FILE = ScanCodeUITests/Info.plist;
				LD_RUNPATH_SEARCH_PATHS = "$(inherited) @executable_path/Frameworks @loader_path/Frameworks";
				PRODUCT_BUNDLE_IDENTIFIER = CLSC.ScanCodeUITests;
				PRODUCT_NAME = "$(TARGET_NAME)";
				TEST_TARGET_NAME = ScanCode;
				USES_XCTRUNNER = YES;
			};
			name = Debug;
		};
		D8328D131BE757BA00454877 /* Release */ = {
			isa = XCBuildConfiguration;
			buildSettings = {
				INFOPLIST_FILE = ScanCodeUITests/Info.plist;
				LD_RUNPATH_SEARCH_PATHS = "$(inherited) @executable_path/Frameworks @loader_path/Frameworks";
				PRODUCT_BUNDLE_IDENTIFIER = CLSC.ScanCodeUITests;
				PRODUCT_NAME = "$(TARGET_NAME)";
				TEST_TARGET_NAME = ScanCode;
				USES_XCTRUNNER = YES;
			};
			name = Release;
		};
/* End XCBuildConfiguration section */

/* Begin XCConfigurationList section */
		D8328CD91BE757BA00454877 /* Build configuration list for PBXProject "ScanCode" */ = {
			isa = XCConfigurationList;
			buildConfigurations = (
				D8328D091BE757BA00454877 /* Debug */,
				D8328D0A1BE757BA00454877 /* Release */,
			);
			defaultConfigurationIsVisible = 0;
			defaultConfigurationName = Release;
		};
		D8328D0B1BE757BA00454877 /* Build configuration list for PBXNativeTarget "ScanCode" */ = {
			isa = XCConfigurationList;
			buildConfigurations = (
				D8328D0C1BE757BA00454877 /* Debug */,
				D8328D0D1BE757BA00454877 /* Release */,
			);
			defaultConfigurationIsVisible = 0;
			defaultConfigurationName = Release;
		};
		D8328D0E1BE757BA00454877 /* Build configuration list for PBXNativeTarget "ScanCodeTests" */ = {
			isa = XCConfigurationList;
			buildConfigurations = (
				D8328D0F1BE757BA00454877 /* Debug */,
				D8328D101BE757BA00454877 /* Release */,
			);
			defaultConfigurationIsVisible = 0;
			defaultConfigurationName = Release;
		};
		D8328D111BE757BA00454877 /* Build configuration list for PBXNativeTarget "ScanCodeUITests" */ = {
			isa = XCConfigurationList;
			buildConfigurations = (
				D8328D121BE757BA00454877 /* Debug */,
				D8328D131BE757BA00454877 /* Release */,
			);
			defaultConfigurationIsVisible = 0;
			defaultConfigurationName = Release;
		};
/* End XCConfigurationList section */
	};
	rootObject = D8328CD61BE757BA00454877 /* Project object */;
}
