// !$*UTF8*$!
{
	archiveVersion = 1;
	classes = {
	};
	objectVersion = 46;
	objects = {

/* Begin PBXBuildFile section */
		970AAC691F075B18009286C7 /* libiconv.tbd in Frameworks */ = {isa = PBXBuildFile; fileRef = D8D63C021C5B3C63002C823B /* libiconv.tbd */; };
		979244A61F078C6B0071BA06 /* UIImage+Resize.m in Sources */ = {isa = PBXBuildFile; fileRef = 979244A31F078C6B0071BA06 /* UIImage+Resize.m */; };
		979244A71F078C6B0071BA06 /* UIImage+Resize.m in Sources */ = {isa = PBXBuildFile; fileRef = 979244A31F078C6B0071BA06 /* UIImage+Resize.m */; };
		979244A81F078C6B0071BA06 /* TTImageHelper.m in Sources */ = {isa = PBXBuildFile; fileRef = 979244A51F078C6B0071BA06 /* TTImageHelper.m */; };
		979244A91F078C6B0071BA06 /* TTImageHelper.m in Sources */ = {isa = PBXBuildFile; fileRef = 979244A51F078C6B0071BA06 /* TTImageHelper.m */; };
		979244AA1F0792850071BA06 /* Assets.xcassets in Resources */ = {isa = PBXBuildFile; fileRef = D8328CED1BE757BA00454877 /* Assets.xcassets */; };
		97A6DAD31F07454F00688648 /* ActionViewController.m in Sources */ = {isa = PBXBuildFile; fileRef = 97A6DAD21F07454F00688648 /* ActionViewController.m */; };
		97A6DAD61F07454F00688648 /* MainInterface.storyboard in Resources */ = {isa = PBXBuildFile; fileRef = 97A6DAD41F07454F00688648 /* MainInterface.storyboard */; };
		97A6DADA1F07454F00688648 /* GenerateCode.appex in Embed App Extensions */ = {isa = PBXBuildFile; fileRef = 97A6DACF1F07454F00688648 /* GenerateCode.appex */; settings = {ATTRIBUTES = (RemoveHeadersOnCopy, ); }; };
		97A6DAE21F07465100688648 /* ProgressHUD.bundle in Resources */ = {isa = PBXBuildFile; fileRef = 97A6DADF1F07465100688648 /* ProgressHUD.bundle */; };
		97A6DAE31F07465100688648 /* ProgressHUD.m in Sources */ = {isa = PBXBuildFile; fileRef = 97A6DAE11F07465100688648 /* ProgressHUD.m */; };
		97A6DAF51F07465A00688648 /* bitstream.c in Sources */ = {isa = PBXBuildFile; fileRef = 97A6DAE51F07465A00688648 /* bitstream.c */; };
		97A6DAF61F07465A00688648 /* bitstream.c in Sources */ = {isa = PBXBuildFile; fileRef = 97A6DAE51F07465A00688648 /* bitstream.c */; };
		97A6DAF71F07465A00688648 /* mask.c in Sources */ = {isa = PBXBuildFile; fileRef = 97A6DAE71F07465A00688648 /* mask.c */; };
		97A6DAF81F07465A00688648 /* mask.c in Sources */ = {isa = PBXBuildFile; fileRef = 97A6DAE71F07465A00688648 /* mask.c */; };
		97A6DAF91F07465A00688648 /* QRCodeGenerator.m in Sources */ = {isa = PBXBuildFile; fileRef = 97A6DAEA1F07465A00688648 /* QRCodeGenerator.m */; };
		97A6DAFA1F07465A00688648 /* QRCodeGenerator.m in Sources */ = {isa = PBXBuildFile; fileRef = 97A6DAEA1F07465A00688648 /* QRCodeGenerator.m */; };
		97A6DAFB1F07465A00688648 /* qrencode.c in Sources */ = {isa = PBXBuildFile; fileRef = 97A6DAEB1F07465A00688648 /* qrencode.c */; };
		97A6DAFC1F07465A00688648 /* qrencode.c in Sources */ = {isa = PBXBuildFile; fileRef = 97A6DAEB1F07465A00688648 /* qrencode.c */; };
		97A6DAFD1F07465A00688648 /* qrinput.c in Sources */ = {isa = PBXBuildFile; fileRef = 97A6DAED1F07465A00688648 /* qrinput.c */; };
		97A6DAFE1F07465A00688648 /* qrinput.c in Sources */ = {isa = PBXBuildFile; fileRef = 97A6DAED1F07465A00688648 /* qrinput.c */; };
		97A6DAFF1F07465A00688648 /* qrspec.c in Sources */ = {isa = PBXBuildFile; fileRef = 97A6DAEF1F07465A00688648 /* qrspec.c */; };
		97A6DB001F07465A00688648 /* qrspec.c in Sources */ = {isa = PBXBuildFile; fileRef = 97A6DAEF1F07465A00688648 /* qrspec.c */; };
		97A6DB011F07465A00688648 /* rscode.c in Sources */ = {isa = PBXBuildFile; fileRef = 97A6DAF11F07465A00688648 /* rscode.c */; };
		97A6DB021F07465A00688648 /* rscode.c in Sources */ = {isa = PBXBuildFile; fileRef = 97A6DAF11F07465A00688648 /* rscode.c */; };
		97A6DB031F07465A00688648 /* split.c in Sources */ = {isa = PBXBuildFile; fileRef = 97A6DAF31F07465A00688648 /* split.c */; };
		97A6DB041F07465A00688648 /* split.c in Sources */ = {isa = PBXBuildFile; fileRef = 97A6DAF31F07465A00688648 /* split.c */; };
		97A6DB831F07530900688648 /* NSBundle+TZImagePicker.m in Sources */ = {isa = PBXBuildFile; fileRef = 97A6DB691F07530900688648 /* NSBundle+TZImagePicker.m */; };
		97A6DB841F07530900688648 /* TZAssetCell.m in Sources */ = {isa = PBXBuildFile; fileRef = 97A6DB6B1F07530900688648 /* TZAssetCell.m */; };
		97A6DB851F07530900688648 /* TZAssetModel.m in Sources */ = {isa = PBXBuildFile; fileRef = 97A6DB6D1F07530900688648 /* TZAssetModel.m */; };
		97A6DB861F07530900688648 /* TZGifPhotoPreviewController.m in Sources */ = {isa = PBXBuildFile; fileRef = 97A6DB6F1F07530900688648 /* TZGifPhotoPreviewController.m */; };
		97A6DB871F07530900688648 /* TZImageCropManager.m in Sources */ = {isa = PBXBuildFile; fileRef = 97A6DB711F07530900688648 /* TZImageCropManager.m */; };
		97A6DB881F07530900688648 /* TZImageManager.m in Sources */ = {isa = PBXBuildFile; fileRef = 97A6DB731F07530900688648 /* TZImageManager.m */; };
		97A6DB891F07530900688648 /* TZImagePickerController.bundle in Resources */ = {isa = PBXBuildFile; fileRef = 97A6DB741F07530900688648 /* TZImagePickerController.bundle */; };
		97A6DB8A1F07530900688648 /* TZImagePickerController.m in Sources */ = {isa = PBXBuildFile; fileRef = 97A6DB761F07530900688648 /* TZImagePickerController.m */; };
		97A6DB8B1F07530900688648 /* TZPhotoPickerController.m in Sources */ = {isa = PBXBuildFile; fileRef = 97A6DB781F07530900688648 /* TZPhotoPickerController.m */; };
		97A6DB8C1F07530900688648 /* TZPhotoPreviewCell.m in Sources */ = {isa = PBXBuildFile; fileRef = 97A6DB7A1F07530900688648 /* TZPhotoPreviewCell.m */; };
		97A6DB8D1F07530900688648 /* TZPhotoPreviewController.m in Sources */ = {isa = PBXBuildFile; fileRef = 97A6DB7C1F07530900688648 /* TZPhotoPreviewController.m */; };
		97A6DB8E1F07530900688648 /* TZProgressView.m in Sources */ = {isa = PBXBuildFile; fileRef = 97A6DB7E1F07530900688648 /* TZProgressView.m */; };
		97A6DB8F1F07530900688648 /* TZVideoPlayerController.m in Sources */ = {isa = PBXBuildFile; fileRef = 97A6DB801F07530900688648 /* TZVideoPlayerController.m */; };
		97A6DB901F07530900688648 /* UIView+Layout.m in Sources */ = {isa = PBXBuildFile; fileRef = 97A6DB821F07530900688648 /* UIView+Layout.m */; };
		97A6DBAF1F0759F600688648 /* libzbar.a in Frameworks */ = {isa = PBXBuildFile; fileRef = 97A6DBA91F0759F600688648 /* libzbar.a */; };
		97A6DBB01F0759F600688648 /* libzbar.a in Frameworks */ = {isa = PBXBuildFile; fileRef = 97A6DBA91F0759F600688648 /* libzbar.a */; };
		97A6DBB11F0759F600688648 /* zbar-back.png in Resources */ = {isa = PBXBuildFile; fileRef = 97A6DBAB1F0759F600688648 /* zbar-back.png */; };
		97A6DBB21F0759F600688648 /* zbar-back.png in Resources */ = {isa = PBXBuildFile; fileRef = 97A6DBAB1F0759F600688648 /* zbar-back.png */; };
		97A6DBB31F0759F600688648 /* zbar-help.html in Resources */ = {isa = PBXBuildFile; fileRef = 97A6DBAC1F0759F600688648 /* zbar-help.html */; };
		97A6DBB41F0759F600688648 /* zbar-help.html in Resources */ = {isa = PBXBuildFile; fileRef = 97A6DBAC1F0759F600688648 /* zbar-help.html */; };
		97A6DBB51F0759F600688648 /* zbar-helpicons.png in Resources */ = {isa = PBXBuildFile; fileRef = 97A6DBAD1F0759F600688648 /* zbar-helpicons.png */; };
		97A6DBB61F0759F600688648 /* zbar-helpicons.png in Resources */ = {isa = PBXBuildFile; fileRef = 97A6DBAD1F0759F600688648 /* zbar-helpicons.png */; };
		97A6DBB71F0759F600688648 /* zbar-samples.png in Resources */ = {isa = PBXBuildFile; fileRef = 97A6DBAE1F0759F600688648 /* zbar-samples.png */; };
		97A6DBB81F0759F600688648 /* zbar-samples.png in Resources */ = {isa = PBXBuildFile; fileRef = 97A6DBAE1F0759F600688648 /* zbar-samples.png */; };
		D814ED7E1C5F006E009D7616 /* GenerateCodeViewController.m in Sources */ = {isa = PBXBuildFile; fileRef = D814ED7D1C5F006E009D7616 /* GenerateCodeViewController.m */; };
		D814ED801C5F2169009D7616 /* scanimage.png in Resources */ = {isa = PBXBuildFile; fileRef = D814ED7F1C5F2169009D7616 /* scanimage.png */; };
		D814ED821C5F22BB009D7616 /* scanlib.png in Resources */ = {isa = PBXBuildFile; fileRef = D814ED811C5F22BB009D7616 /* scanlib.png */; };
		D814ED841C5F243C009D7616 /* generateicon.png in Resources */ = {isa = PBXBuildFile; fileRef = D814ED831C5F243C009D7616 /* generateicon.png */; };
		D814ED871C5F44D9009D7616 /* UIActionSheet+block.m in Sources */ = {isa = PBXBuildFile; fileRef = D814ED861C5F44D9009D7616 /* UIActionSheet+block.m */; };
		D814ED8A1C5F4E68009D7616 /* libMobClickLibrary.a in Frameworks */ = {isa = PBXBuildFile; fileRef = D814ED881C5F4E68009D7616 /* libMobClickLibrary.a */; };
		D814ED8C1C5F4E82009D7616 /* libz.tbd in Frameworks */ = {isa = PBXBuildFile; fileRef = D814ED8B1C5F4E82009D7616 /* libz.tbd */; };
		D8251D141BE8535B00473B49 /* TextContentViewController.m in Sources */ = {isa = PBXBuildFile; fileRef = D8251D131BE8535B00473B49 /* TextContentViewController.m */; };
		D8251D181BE8EB9A00473B49 /* Default-568h@2x.png in Resources */ = {isa = PBXBuildFile; fileRef = D8251D171BE8EB9A00473B49 /* Default-568h@2x.png */; };
		D8328CE31BE757BA00454877 /* main.m in Sources */ = {isa = PBXBuildFile; fileRef = D8328CE21BE757BA00454877 /* main.m */; };
		D8328CE61BE757BA00454877 /* AppDelegate.m in Sources */ = {isa = PBXBuildFile; fileRef = D8328CE51BE757BA00454877 /* AppDelegate.m */; };
		D8328CE91BE757BA00454877 /* ViewController.m in Sources */ = {isa = PBXBuildFile; fileRef = D8328CE81BE757BA00454877 /* ViewController.m */; };
		D8328CEC1BE757BA00454877 /* Main.storyboard in Resources */ = {isa = PBXBuildFile; fileRef = D8328CEA1BE757BA00454877 /* Main.storyboard */; };
		D8328CEE1BE757BA00454877 /* Assets.xcassets in Resources */ = {isa = PBXBuildFile; fileRef = D8328CED1BE757BA00454877 /* Assets.xcassets */; };
		D8328CF11BE757BA00454877 /* LaunchScreen.storyboard in Resources */ = {isa = PBXBuildFile; fileRef = D8328CEF1BE757BA00454877 /* LaunchScreen.storyboard */; };
		D8328CFC1BE757BA00454877 /* ScanCodeTests.m in Sources */ = {isa = PBXBuildFile; fileRef = D8328CFB1BE757BA00454877 /* ScanCodeTests.m */; };
		D8328D071BE757BA00454877 /* ScanCodeUITests.m in Sources */ = {isa = PBXBuildFile; fileRef = D8328D061BE757BA00454877 /* ScanCodeUITests.m */; };
		D8328D161BE7582600454877 /* QRCodeViewController.m in Sources */ = {isa = PBXBuildFile; fileRef = D8328D151BE7582600454877 /* QRCodeViewController.m */; };
		D8328D191BE7586000454877 /* QRView.m in Sources */ = {isa = PBXBuildFile; fileRef = D8328D181BE7586000454877 /* QRView.m */; };
		D8328D1C1BE7587100454877 /* QRCodeDao.m in Sources */ = {isa = PBXBuildFile; fileRef = D8328D1B1BE7587100454877 /* QRCodeDao.m */; };
		D8328D1E1BE75B1E00454877 /* qr_scan_line@2x.png in Resources */ = {isa = PBXBuildFile; fileRef = D8328D1D1BE75B1E00454877 /* qr_scan_line@2x.png */; };
		D8328D211BE761C100454877 /* WebContentViewController.m in Sources */ = {isa = PBXBuildFile; fileRef = D8328D201BE761C100454877 /* WebContentViewController.m */; };
		D8328D261BE761E500454877 /* NJKWebViewProgress.m in Sources */ = {isa = PBXBuildFile; fileRef = D8328D231BE761E500454877 /* NJKWebViewProgress.m */; };
		D8328D271BE761E500454877 /* NJKWebViewProgressView.m in Sources */ = {isa = PBXBuildFile; fileRef = D8328D251BE761E500454877 /* NJKWebViewProgressView.m */; };
		D8328D291BE7620300454877 /* bottom_btn_back.png in Resources */ = {isa = PBXBuildFile; fileRef = D8328D281BE7620300454877 /* bottom_btn_back.png */; };
		D8328D2B1BE7625200454877 /* UIKit.framework in Frameworks */ = {isa = PBXBuildFile; fileRef = D8328D2A1BE7625200454877 /* UIKit.framework */; };
		D854A9B21C0DD27100F3FF9D /* SafariServices.framework in Frameworks */ = {isa = PBXBuildFile; fileRef = D854A9B11C0DD27100F3FF9D /* SafariServices.framework */; };
		D8D63BFB1C5B3C39002C823B /* AVFoundation.framework in Frameworks */ = {isa = PBXBuildFile; fileRef = D8D63BFA1C5B3C39002C823B /* AVFoundation.framework */; };
		D8D63BFD1C5B3C40002C823B /* CoreMedia.framework in Frameworks */ = {isa = PBXBuildFile; fileRef = D8D63BFC1C5B3C40002C823B /* CoreMedia.framework */; };
		D8D63BFF1C5B3C48002C823B /* CoreVideo.framework in Frameworks */ = {isa = PBXBuildFile; fileRef = D8D63BFE1C5B3C48002C823B /* CoreVideo.framework */; };
		D8D63C011C5B3C55002C823B /* QuartzCore.framework in Frameworks */ = {isa = PBXBuildFile; fileRef = D8D63C001C5B3C55002C823B /* QuartzCore.framework */; };
		D8D63C031C5B3C63002C823B /* libiconv.tbd in Frameworks */ = {isa = PBXBuildFile; fileRef = D8D63C021C5B3C63002C823B /* libiconv.tbd */; };
/* End PBXBuildFile section */

/* Begin PBXContainerItemProxy section */
		97A6DAD81F07454F00688648 /* PBXContainerItemProxy */ = {
			isa = PBXContainerItemProxy;
			containerPortal = D8328CD61BE757BA00454877 /* Project object */;
			proxyType = 1;
			remoteGlobalIDString = 97A6DACE1F07454F00688648;
			remoteInfo = GenerateCode;
		};
		D8328CF81BE757BA00454877 /* PBXContainerItemProxy */ = {
			isa = PBXContainerItemProxy;
			containerPortal = D8328CD61BE757BA00454877 /* Project object */;
			proxyType = 1;
			remoteGlobalIDString = D8328CDD1BE757BA00454877;
			remoteInfo = ScanCode;
		};
		D8328D031BE757BA00454877 /* PBXContainerItemProxy */ = {
			isa = PBXContainerItemProxy;
			containerPortal = D8328CD61BE757BA00454877 /* Project object */;
			proxyType = 1;
			remoteGlobalIDString = D8328CDD1BE757BA00454877;
			remoteInfo = ScanCode;
		};
/* End PBXContainerItemProxy section */

/* Begin PBXCopyFilesBuildPhase section */
		9776F8E41F07306700AE104F /* Embed App Extensions */ = {
			isa = PBXCopyFilesBuildPhase;
			buildActionMask = 2147483647;
			dstPath = "";
			dstSubfolderSpec = 13;
			files = (
				97A6DADA1F07454F00688648 /* GenerateCode.appex in Embed App Extensions */,
			);
			name = "Embed App Extensions";
			runOnlyForDeploymentPostprocessing = 0;
		};
/* End PBXCopyFilesBuildPhase section */

/* Begin PBXFileReference section */
		979244A21F078C6B0071BA06 /* UIImage+Resize.h */ = {isa = PBXFileReference; fileEncoding = 4; lastKnownFileType = sourcecode.c.h; path = "UIImage+Resize.h"; sourceTree = "<group>"; };
		979244A31F078C6B0071BA06 /* UIImage+Resize.m */ = {isa = PBXFileReference; fileEncoding = 4; lastKnownFileType = sourcecode.c.objc; path = "UIImage+Resize.m"; sourceTree = "<group>"; };
		979244A41F078C6B0071BA06 /* TTImageHelper.h */ = {isa = PBXFileReference; fileEncoding = 4; lastKnownFileType = sourcecode.c.h; path = TTImageHelper.h; sourceTree = "<group>"; };
		979244A51F078C6B0071BA06 /* TTImageHelper.m */ = {isa = PBXFileReference; fileEncoding = 4; lastKnownFileType = sourcecode.c.objc; path = TTImageHelper.m; sourceTree = "<group>"; };
		97A6DACF1F07454F00688648 /* GenerateCode.appex */ = {isa = PBXFileReference; explicitFileType = "wrapper.app-extension"; includeInIndex = 0; path = GenerateCode.appex; sourceTree = BUILT_PRODUCTS_DIR; };
		97A6DAD11F07454F00688648 /* ActionViewController.h */ = {isa = PBXFileReference; lastKnownFileType = sourcecode.c.h; path = ActionViewController.h; sourceTree = "<group>"; };
		97A6DAD21F07454F00688648 /* ActionViewController.m */ = {isa = PBXFileReference; lastKnownFileType = sourcecode.c.objc; path = ActionViewController.m; sourceTree = "<group>"; };
		97A6DAD51F07454F00688648 /* Base */ = {isa = PBXFileReference; lastKnownFileType = file.storyboard; name = Base; path = Base.lproj/MainInterface.storyboard; sourceTree = "<group>"; };
		97A6DAD71F07454F00688648 /* Info.plist */ = {isa = PBXFileReference; lastKnownFileType = text.plist.xml; path = Info.plist; sourceTree = "<group>"; };
		97A6DADF1F07465100688648 /* ProgressHUD.bundle */ = {isa = PBXFileReference; lastKnownFileType = "wrapper.plug-in"; path = ProgressHUD.bundle; sourceTree = "<group>"; };
		97A6DAE01F07465100688648 /* ProgressHUD.h */ = {isa = PBXFileReference; fileEncoding = 4; lastKnownFileType = sourcecode.c.h; path = ProgressHUD.h; sourceTree = "<group>"; };
		97A6DAE11F07465100688648 /* ProgressHUD.m */ = {isa = PBXFileReference; fileEncoding = 4; lastKnownFileType = sourcecode.c.objc; path = ProgressHUD.m; sourceTree = "<group>"; };
		97A6DAE51F07465A00688648 /* bitstream.c */ = {isa = PBXFileReference; fileEncoding = 4; lastKnownFileType = sourcecode.c.c; path = bitstream.c; sourceTree = "<group>"; };
		97A6DAE61F07465A00688648 /* bitstream.h */ = {isa = PBXFileReference; fileEncoding = 4; lastKnownFileType = sourcecode.c.h; path = bitstream.h; sourceTree = "<group>"; };
		97A6DAE71F07465A00688648 /* mask.c */ = {isa = PBXFileReference; fileEncoding = 4; lastKnownFileType = sourcecode.c.c; path = mask.c; sourceTree = "<group>"; };
		97A6DAE81F07465A00688648 /* mask.h */ = {isa = PBXFileReference; fileEncoding = 4; lastKnownFileType = sourcecode.c.h; path = mask.h; sourceTree = "<group>"; };
		97A6DAE91F07465A00688648 /* QRCodeGenerator.h */ = {isa = PBXFileReference; fileEncoding = 4; lastKnownFileType = sourcecode.c.h; path = QRCodeGenerator.h; sourceTree = "<group>"; };
		97A6DAEA1F07465A00688648 /* QRCodeGenerator.m */ = {isa = PBXFileReference; fileEncoding = 4; lastKnownFileType = sourcecode.c.objc; path = QRCodeGenerator.m; sourceTree = "<group>"; };
		97A6DAEB1F07465A00688648 /* qrencode.c */ = {isa = PBXFileReference; fileEncoding = 4; lastKnownFileType = sourcecode.c.c; path = qrencode.c; sourceTree = "<group>"; };
		97A6DAEC1F07465A00688648 /* qrencode.h */ = {isa = PBXFileReference; fileEncoding = 4; lastKnownFileType = sourcecode.c.h; path = qrencode.h; sourceTree = "<group>"; };
		97A6DAED1F07465A00688648 /* qrinput.c */ = {isa = PBXFileReference; fileEncoding = 4; lastKnownFileType = sourcecode.c.c; path = qrinput.c; sourceTree = "<group>"; };
		97A6DAEE1F07465A00688648 /* qrinput.h */ = {isa = PBXFileReference; fileEncoding = 4; lastKnownFileType = sourcecode.c.h; path = qrinput.h; sourceTree = "<group>"; };
		97A6DAEF1F07465A00688648 /* qrspec.c */ = {isa = PBXFileReference; fileEncoding = 4; lastKnownFileType = sourcecode.c.c; path = qrspec.c; sourceTree = "<group>"; };
		97A6DAF01F07465A00688648 /* qrspec.h */ = {isa = PBXFileReference; fileEncoding = 4; lastKnownFileType = sourcecode.c.h; path = qrspec.h; sourceTree = "<group>"; };
		97A6DAF11F07465A00688648 /* rscode.c */ = {isa = PBXFileReference; fileEncoding = 4; lastKnownFileType = sourcecode.c.c; path = rscode.c; sourceTree = "<group>"; };
		97A6DAF21F07465A00688648 /* rscode.h */ = {isa = PBXFileReference; fileEncoding = 4; lastKnownFileType = sourcecode.c.h; path = rscode.h; sourceTree = "<group>"; };
		97A6DAF31F07465A00688648 /* split.c */ = {isa = PBXFileReference; fileEncoding = 4; lastKnownFileType = sourcecode.c.c; path = split.c; sourceTree = "<group>"; };
		97A6DAF41F07465A00688648 /* split.h */ = {isa = PBXFileReference; fileEncoding = 4; lastKnownFileType = sourcecode.c.h; path = split.h; sourceTree = "<group>"; };
		97A6DB681F07530900688648 /* NSBundle+TZImagePicker.h */ = {isa = PBXFileReference; fileEncoding = 4; lastKnownFileType = sourcecode.c.h; path = "NSBundle+TZImagePicker.h"; sourceTree = "<group>"; };
		97A6DB691F07530900688648 /* NSBundle+TZImagePicker.m */ = {isa = PBXFileReference; fileEncoding = 4; lastKnownFileType = sourcecode.c.objc; path = "NSBundle+TZImagePicker.m"; sourceTree = "<group>"; };
		97A6DB6A1F07530900688648 /* TZAssetCell.h */ = {isa = PBXFileReference; fileEncoding = 4; lastKnownFileType = sourcecode.c.h; path = TZAssetCell.h; sourceTree = "<group>"; };
		97A6DB6B1F07530900688648 /* TZAssetCell.m */ = {isa = PBXFileReference; fileEncoding = 4; lastKnownFileType = sourcecode.c.objc; path = TZAssetCell.m; sourceTree = "<group>"; };
		97A6DB6C1F07530900688648 /* TZAssetModel.h */ = {isa = PBXFileReference; fileEncoding = 4; lastKnownFileType = sourcecode.c.h; path = TZAssetModel.h; sourceTree = "<group>"; };
		97A6DB6D1F07530900688648 /* TZAssetModel.m */ = {isa = PBXFileReference; fileEncoding = 4; lastKnownFileType = sourcecode.c.objc; path = TZAssetModel.m; sourceTree = "<group>"; };
		97A6DB6E1F07530900688648 /* TZGifPhotoPreviewController.h */ = {isa = PBXFileReference; fileEncoding = 4; lastKnownFileType = sourcecode.c.h; path = TZGifPhotoPreviewController.h; sourceTree = "<group>"; };
		97A6DB6F1F07530900688648 /* TZGifPhotoPreviewController.m */ = {isa = PBXFileReference; fileEncoding = 4; lastKnownFileType = sourcecode.c.objc; path = TZGifPhotoPreviewController.m; sourceTree = "<group>"; };
		97A6DB701F07530900688648 /* TZImageCropManager.h */ = {isa = PBXFileReference; fileEncoding = 4; lastKnownFileType = sourcecode.c.h; path = TZImageCropManager.h; sourceTree = "<group>"; };
		97A6DB711F07530900688648 /* TZImageCropManager.m */ = {isa = PBXFileReference; fileEncoding = 4; lastKnownFileType = sourcecode.c.objc; path = TZImageCropManager.m; sourceTree = "<group>"; };
		97A6DB721F07530900688648 /* TZImageManager.h */ = {isa = PBXFileReference; fileEncoding = 4; lastKnownFileType = sourcecode.c.h; path = TZImageManager.h; sourceTree = "<group>"; };
		97A6DB731F07530900688648 /* TZImageManager.m */ = {isa = PBXFileReference; fileEncoding = 4; lastKnownFileType = sourcecode.c.objc; path = TZImageManager.m; sourceTree = "<group>"; };
		97A6DB741F07530900688648 /* TZImagePickerController.bundle */ = {isa = PBXFileReference; lastKnownFileType = "wrapper.plug-in"; path = TZImagePickerController.bundle; sourceTree = "<group>"; };
		97A6DB751F07530900688648 /* TZImagePickerController.h */ = {isa = PBXFileReference; fileEncoding = 4; lastKnownFileType = sourcecode.c.h; path = TZImagePickerController.h; sourceTree = "<group>"; };
		97A6DB761F07530900688648 /* TZImagePickerController.m */ = {isa = PBXFileReference; fileEncoding = 4; lastKnownFileType = sourcecode.c.objc; path = TZImagePickerController.m; sourceTree = "<group>"; };
		97A6DB771F07530900688648 /* TZPhotoPickerController.h */ = {isa = PBXFileReference; fileEncoding = 4; lastKnownFileType = sourcecode.c.h; path = TZPhotoPickerController.h; sourceTree = "<group>"; };
		97A6DB781F07530900688648 /* TZPhotoPickerController.m */ = {isa = PBXFileReference; fileEncoding = 4; lastKnownFileType = sourcecode.c.objc; path = TZPhotoPickerController.m; sourceTree = "<group>"; };
		97A6DB791F07530900688648 /* TZPhotoPreviewCell.h */ = {isa = PBXFileReference; fileEncoding = 4; lastKnownFileType = sourcecode.c.h; path = TZPhotoPreviewCell.h; sourceTree = "<group>"; };
		97A6DB7A1F07530900688648 /* TZPhotoPreviewCell.m */ = {isa = PBXFileReference; fileEncoding = 4; lastKnownFileType = sourcecode.c.objc; path = TZPhotoPreviewCell.m; sourceTree = "<group>"; };
		97A6DB7B1F07530900688648 /* TZPhotoPreviewController.h */ = {isa = PBXFileReference; fileEncoding = 4; lastKnownFileType = sourcecode.c.h; path = TZPhotoPreviewController.h; sourceTree = "<group>"; };
		97A6DB7C1F07530900688648 /* TZPhotoPreviewController.m */ = {isa = PBXFileReference; fileEncoding = 4; lastKnownFileType = sourcecode.c.objc; path = TZPhotoPreviewController.m; sourceTree = "<group>"; };
		97A6DB7D1F07530900688648 /* TZProgressView.h */ = {isa = PBXFileReference; fileEncoding = 4; lastKnownFileType = sourcecode.c.h; path = TZProgressView.h; sourceTree = "<group>"; };
		97A6DB7E1F07530900688648 /* TZProgressView.m */ = {isa = PBXFileReference; fileEncoding = 4; lastKnownFileType = sourcecode.c.objc; path = TZProgressView.m; sourceTree = "<group>"; };
		97A6DB7F1F07530900688648 /* TZVideoPlayerController.h */ = {isa = PBXFileReference; fileEncoding = 4; lastKnownFileType = sourcecode.c.h; path = TZVideoPlayerController.h; sourceTree = "<group>"; };
		97A6DB801F07530900688648 /* TZVideoPlayerController.m */ = {isa = PBXFileReference; fileEncoding = 4; lastKnownFileType = sourcecode.c.objc; path = TZVideoPlayerController.m; sourceTree = "<group>"; };
		97A6DB811F07530900688648 /* UIView+Layout.h */ = {isa = PBXFileReference; fileEncoding = 4; lastKnownFileType = sourcecode.c.h; path = "UIView+Layout.h"; sourceTree = "<group>"; };
		97A6DB821F07530900688648 /* UIView+Layout.m */ = {isa = PBXFileReference; fileEncoding = 4; lastKnownFileType = sourcecode.c.objc; path = "UIView+Layout.m"; sourceTree = "<group>"; };
		97A6DB951F0759F600688648 /* Decoder.h */ = {isa = PBXFileReference; fileEncoding = 4; lastKnownFileType = sourcecode.c.h; path = Decoder.h; sourceTree = "<group>"; };
		97A6DB961F0759F600688648 /* Exception.h */ = {isa = PBXFileReference; fileEncoding = 4; lastKnownFileType = sourcecode.c.h; path = Exception.h; sourceTree = "<group>"; };
		97A6DB971F0759F600688648 /* Image.h */ = {isa = PBXFileReference; fileEncoding = 4; lastKnownFileType = sourcecode.c.h; path = Image.h; sourceTree = "<group>"; };
		97A6DB981F0759F600688648 /* ImageScanner.h */ = {isa = PBXFileReference; fileEncoding = 4; lastKnownFileType = sourcecode.c.h; path = ImageScanner.h; sourceTree = "<group>"; };
		97A6DB991F0759F600688648 /* Processor.h */ = {isa = PBXFileReference; fileEncoding = 4; lastKnownFileType = sourcecode.c.h; path = Processor.h; sourceTree = "<group>"; };
		97A6DB9A1F0759F600688648 /* Scanner.h */ = {isa = PBXFileReference; fileEncoding = 4; lastKnownFileType = sourcecode.c.h; path = Scanner.h; sourceTree = "<group>"; };
		97A6DB9B1F0759F600688648 /* Symbol.h */ = {isa = PBXFileReference; fileEncoding = 4; lastKnownFileType = sourcecode.c.h; path = Symbol.h; sourceTree = "<group>"; };
		97A6DB9C1F0759F600688648 /* Video.h */ = {isa = PBXFileReference; fileEncoding = 4; lastKnownFileType = sourcecode.c.h; path = Video.h; sourceTree = "<group>"; };
		97A6DB9D1F0759F600688648 /* Window.h */ = {isa = PBXFileReference; fileEncoding = 4; lastKnownFileType = sourcecode.c.h; path = Window.h; sourceTree = "<group>"; };
		97A6DB9E1F0759F600688648 /* zbar.h */ = {isa = PBXFileReference; fileEncoding = 4; lastKnownFileType = sourcecode.c.h; path = zbar.h; sourceTree = "<group>"; };
		97A6DB9F1F0759F600688648 /* ZBarCameraSimulator.h */ = {isa = PBXFileReference; fileEncoding = 4; lastKnownFileType = sourcecode.c.h; path = ZBarCameraSimulator.h; sourceTree = "<group>"; };
		97A6DBA01F0759F600688648 /* ZBarCaptureReader.h */ = {isa = PBXFileReference; fileEncoding = 4; lastKnownFileType = sourcecode.c.h; path = ZBarCaptureReader.h; sourceTree = "<group>"; };
		97A6DBA11F0759F600688648 /* ZBarHelpController.h */ = {isa = PBXFileReference; fileEncoding = 4; lastKnownFileType = sourcecode.c.h; path = ZBarHelpController.h; sourceTree = "<group>"; };
		97A6DBA21F0759F600688648 /* ZBarImage.h */ = {isa = PBXFileReference; fileEncoding = 4; lastKnownFileType = sourcecode.c.h; path = ZBarImage.h; sourceTree = "<group>"; };
		97A6DBA31F0759F600688648 /* ZBarImageScanner.h */ = {isa = PBXFileReference; fileEncoding = 4; lastKnownFileType = sourcecode.c.h; path = ZBarImageScanner.h; sourceTree = "<group>"; };
		97A6DBA41F0759F600688648 /* ZBarReaderController.h */ = {isa = PBXFileReference; fileEncoding = 4; lastKnownFileType = sourcecode.c.h; path = ZBarReaderController.h; sourceTree = "<group>"; };
		97A6DBA51F0759F600688648 /* ZBarReaderView.h */ = {isa = PBXFileReference; fileEncoding = 4; lastKnownFileType = sourcecode.c.h; path = ZBarReaderView.h; sourceTree = "<group>"; };
		97A6DBA61F0759F600688648 /* ZBarReaderViewController.h */ = {isa = PBXFileReference; fileEncoding = 4; lastKnownFileType = sourcecode.c.h; path = ZBarReaderViewController.h; sourceTree = "<group>"; };
		97A6DBA71F0759F600688648 /* ZBarSDK.h */ = {isa = PBXFileReference; fileEncoding = 4; lastKnownFileType = sourcecode.c.h; path = ZBarSDK.h; sourceTree = "<group>"; };
		97A6DBA81F0759F600688648 /* ZBarSymbol.h */ = {isa = PBXFileReference; fileEncoding = 4; lastKnownFileType = sourcecode.c.h; path = ZBarSymbol.h; sourceTree = "<group>"; };
		97A6DBA91F0759F600688648 /* libzbar.a */ = {isa = PBXFileReference; lastKnownFileType = archive.ar; path = libzbar.a; sourceTree = "<group>"; };
		97A6DBAB1F0759F600688648 /* zbar-back.png */ = {isa = PBXFileReference; lastKnownFileType = image.png; path = "zbar-back.png"; sourceTree = "<group>"; };
		97A6DBAC1F0759F600688648 /* zbar-help.html */ = {isa = PBXFileReference; fileEncoding = 4; lastKnownFileType = text.html; path = "zbar-help.html"; sourceTree = "<group>"; };
		97A6DBAD1F0759F600688648 /* zbar-helpicons.png */ = {isa = PBXFileReference; lastKnownFileType = image.png; path = "zbar-helpicons.png"; sourceTree = "<group>"; };
		97A6DBAE1F0759F600688648 /* zbar-samples.png */ = {isa = PBXFileReference; lastKnownFileType = image.png; path = "zbar-samples.png"; sourceTree = "<group>"; };
		D814ED7C1C5F006E009D7616 /* GenerateCodeViewController.h */ = {isa = PBXFileReference; fileEncoding = 4; lastKnownFileType = sourcecode.c.h; path = GenerateCodeViewController.h; sourceTree = "<group>"; };
		D814ED7D1C5F006E009D7616 /* GenerateCodeViewController.m */ = {isa = PBXFileReference; fileEncoding = 4; lastKnownFileType = sourcecode.c.objc; path = GenerateCodeViewController.m; sourceTree = "<group>"; };
		D814ED7F1C5F2169009D7616 /* scanimage.png */ = {isa = PBXFileReference; lastKnownFileType = image.png; path = scanimage.png; sourceTree = "<group>"; };
		D814ED811C5F22BB009D7616 /* scanlib.png */ = {isa = PBXFileReference; lastKnownFileType = image.png; path = scanlib.png; sourceTree = "<group>"; };
		D814ED831C5F243C009D7616 /* generateicon.png */ = {isa = PBXFileReference; lastKnownFileType = image.png; path = generateicon.png; sourceTree = "<group>"; };
		D814ED851C5F44D9009D7616 /* UIActionSheet+block.h */ = {isa = PBXFileReference; fileEncoding = 4; lastKnownFileType = sourcecode.c.h; path = "UIActionSheet+block.h"; sourceTree = "<group>"; };
		D814ED861C5F44D9009D7616 /* UIActionSheet+block.m */ = {isa = PBXFileReference; fileEncoding = 4; lastKnownFileType = sourcecode.c.objc; path = "UIActionSheet+block.m"; sourceTree = "<group>"; };
		D814ED881C5F4E68009D7616 /* libMobClickLibrary.a */ = {isa = PBXFileReference; lastKnownFileType = archive.ar; path = libMobClickLibrary.a; sourceTree = "<group>"; };
		D814ED891C5F4E68009D7616 /* MobClick.h */ = {isa = PBXFileReference; fileEncoding = 4; lastKnownFileType = sourcecode.c.h; path = MobClick.h; sourceTree = "<group>"; };
		D814ED8B1C5F4E82009D7616 /* libz.tbd */ = {isa = PBXFileReference; lastKnownFileType = "sourcecode.text-based-dylib-definition"; name = libz.tbd; path = usr/lib/libz.tbd; sourceTree = SDKROOT; };
		D8251D121BE8535B00473B49 /* TextContentViewController.h */ = {isa = PBXFileReference; fileEncoding = 4; lastKnownFileType = sourcecode.c.h; path = TextContentViewController.h; sourceTree = "<group>"; };
		D8251D131BE8535B00473B49 /* TextContentViewController.m */ = {isa = PBXFileReference; fileEncoding = 4; lastKnownFileType = sourcecode.c.objc; path = TextContentViewController.m; sourceTree = "<group>"; };
		D8251D151BE8984700473B49 /* zh-Hans */ = {isa = PBXFileReference; lastKnownFileType = text.plist.strings; name = "zh-Hans"; path = "zh-Hans.lproj/Main.strings"; sourceTree = "<group>"; };
		D8251D161BE8984700473B49 /* zh-Hans */ = {isa = PBXFileReference; lastKnownFileType = text.plist.strings; name = "zh-Hans"; path = "zh-Hans.lproj/LaunchScreen.strings"; sourceTree = "<group>"; };
		D8251D171BE8EB9A00473B49 /* Default-568h@2x.png */ = {isa = PBXFileReference; lastKnownFileType = image.png; path = "Default-568h@2x.png"; sourceTree = "<group>"; };
		D8328CDE1BE757BA00454877 /* ScanCode.app */ = {isa = PBXFileReference; explicitFileType = wrapper.application; includeInIndex = 0; path = ScanCode.app; sourceTree = BUILT_PRODUCTS_DIR; };
		D8328CE21BE757BA00454877 /* main.m */ = {isa = PBXFileReference; lastKnownFileType = sourcecode.c.objc; path = main.m; sourceTree = "<group>"; };
		D8328CE41BE757BA00454877 /* AppDelegate.h */ = {isa = PBXFileReference; lastKnownFileType = sourcecode.c.h; path = AppDelegate.h; sourceTree = "<group>"; };
		D8328CE51BE757BA00454877 /* AppDelegate.m */ = {isa = PBXFileReference; lastKnownFileType = sourcecode.c.objc; path = AppDelegate.m; sourceTree = "<group>"; };
		D8328CE71BE757BA00454877 /* ViewController.h */ = {isa = PBXFileReference; lastKnownFileType = sourcecode.c.h; path = ViewController.h; sourceTree = "<group>"; };
		D8328CE81BE757BA00454877 /* ViewController.m */ = {isa = PBXFileReference; lastKnownFileType = sourcecode.c.objc; path = ViewController.m; sourceTree = "<group>"; };
		D8328CEB1BE757BA00454877 /* Base */ = {isa = PBXFileReference; lastKnownFileType = file.storyboard; name = Base; path = Base.lproj/Main.storyboard; sourceTree = "<group>"; };
		D8328CED1BE757BA00454877 /* Assets.xcassets */ = {isa = PBXFileReference; lastKnownFileType = folder.assetcatalog; path = Assets.xcassets; sourceTree = "<group>"; };
		D8328CF01BE757BA00454877 /* Base */ = {isa = PBXFileReference; lastKnownFileType = file.storyboard; name = Base; path = Base.lproj/LaunchScreen.storyboard; sourceTree = "<group>"; };
		D8328CF21BE757BA00454877 /* Info.plist */ = {isa = PBXFileReference; lastKnownFileType = text.plist.xml; path = Info.plist; sourceTree = "<group>"; };
		D8328CF71BE757BA00454877 /* ScanCodeTests.xctest */ = {isa = PBXFileReference; explicitFileType = wrapper.cfbundle; includeInIndex = 0; path = ScanCodeTests.xctest; sourceTree = BUILT_PRODUCTS_DIR; };
		D8328CFB1BE757BA00454877 /* ScanCodeTests.m */ = {isa = PBXFileReference; lastKnownFileType = sourcecode.c.objc; path = ScanCodeTests.m; sourceTree = "<group>"; };
		D8328CFD1BE757BA00454877 /* Info.plist */ = {isa = PBXFileReference; lastKnownFileType = text.plist.xml; path = Info.plist; sourceTree = "<group>"; };
		D8328D021BE757BA00454877 /* ScanCodeUITests.xctest */ = {isa = PBXFileReference; explicitFileType = wrapper.cfbundle; includeInIndex = 0; path = ScanCodeUITests.xctest; sourceTree = BUILT_PRODUCTS_DIR; };
		D8328D061BE757BA00454877 /* ScanCodeUITests.m */ = {isa = PBXFileReference; lastKnownFileType = sourcecode.c.objc; path = ScanCodeUITests.m; sourceTree = "<group>"; };
		D8328D081BE757BA00454877 /* Info.plist */ = {isa = PBXFileReference; lastKnownFileType = text.plist.xml; path = Info.plist; sourceTree = "<group>"; };
		D8328D141BE7582600454877 /* QRCodeViewController.h */ = {isa = PBXFileReference; fileEncoding = 4; lastKnownFileType = sourcecode.c.h; path = QRCodeViewController.h; sourceTree = "<group>"; };
		D8328D151BE7582600454877 /* QRCodeViewController.m */ = {isa = PBXFileReference; fileEncoding = 4; lastKnownFileType = sourcecode.c.objc; path = QRCodeViewController.m; sourceTree = "<group>"; };
		D8328D171BE7586000454877 /* QRView.h */ = {isa = PBXFileReference; fileEncoding = 4; lastKnownFileType = sourcecode.c.h; path = QRView.h; sourceTree = "<group>"; };
		D8328D181BE7586000454877 /* QRView.m */ = {isa = PBXFileReference; fileEncoding = 4; lastKnownFileType = sourcecode.c.objc; path = QRView.m; sourceTree = "<group>"; };
		D8328D1A1BE7587100454877 /* QRCodeDao.h */ = {isa = PBXFileReference; fileEncoding = 4; lastKnownFileType = sourcecode.c.h; path = QRCodeDao.h; sourceTree = "<group>"; };
		D8328D1B1BE7587100454877 /* QRCodeDao.m */ = {isa = PBXFileReference; fileEncoding = 4; lastKnownFileType = sourcecode.c.objc; path = QRCodeDao.m; sourceTree = "<group>"; };
		D8328D1D1BE75B1E00454877 /* qr_scan_line@2x.png */ = {isa = PBXFileReference; lastKnownFileType = image.png; path = "qr_scan_line@2x.png"; sourceTree = "<group>"; };
		D8328D1F1BE761C100454877 /* WebContentViewController.h */ = {isa = PBXFileReference; fileEncoding = 4; lastKnownFileType = sourcecode.c.h; path = WebContentViewController.h; sourceTree = "<group>"; };
		D8328D201BE761C100454877 /* WebContentViewController.m */ = {isa = PBXFileReference; fileEncoding = 4; lastKnownFileType = sourcecode.c.objc; path = WebContentViewController.m; sourceTree = "<group>"; };
		D8328D221BE761E500454877 /* NJKWebViewProgress.h */ = {isa = PBXFileReference; fileEncoding = 4; lastKnownFileType = sourcecode.c.h; path = NJKWebViewProgress.h; sourceTree = "<group>"; };
		D8328D231BE761E500454877 /* NJKWebViewProgress.m */ = {isa = PBXFileReference; fileEncoding = 4; lastKnownFileType = sourcecode.c.objc; path = NJKWebViewProgress.m; sourceTree = "<group>"; };
		D8328D241BE761E500454877 /* NJKWebViewProgressView.h */ = {isa = PBXFileReference; fileEncoding = 4; lastKnownFileType = sourcecode.c.h; path = NJKWebViewProgressView.h; sourceTree = "<group>"; };
		D8328D251BE761E500454877 /* NJKWebViewProgressView.m */ = {isa = PBXFileReference; fileEncoding = 4; lastKnownFileType = sourcecode.c.objc; path = NJKWebViewProgressView.m; sourceTree = "<group>"; };
		D8328D281BE7620300454877 /* bottom_btn_back.png */ = {isa = PBXFileReference; lastKnownFileType = image.png; path = bottom_btn_back.png; sourceTree = "<group>"; };
		D8328D2A1BE7625200454877 /* UIKit.framework */ = {isa = PBXFileReference; lastKnownFileType = wrapper.framework; name = UIKit.framework; path = System/Library/Frameworks/UIKit.framework; sourceTree = SDKROOT; };
		D854A9B11C0DD27100F3FF9D /* SafariServices.framework */ = {isa = PBXFileReference; lastKnownFileType = wrapper.framework; name = SafariServices.framework; path = System/Library/Frameworks/SafariServices.framework; sourceTree = SDKROOT; };
		D8D63BFA1C5B3C39002C823B /* AVFoundation.framework */ = {isa = PBXFileReference; lastKnownFileType = wrapper.framework; name = AVFoundation.framework; path = System/Library/Frameworks/AVFoundation.framework; sourceTree = SDKROOT; };
		D8D63BFC1C5B3C40002C823B /* CoreMedia.framework */ = {isa = PBXFileReference; lastKnownFileType = wrapper.framework; name = CoreMedia.framework; path = System/Library/Frameworks/CoreMedia.framework; sourceTree = SDKROOT; };
		D8D63BFE1C5B3C48002C823B /* CoreVideo.framework */ = {isa = PBXFileReference; lastKnownFileType = wrapper.framework; name = CoreVideo.framework; path = System/Library/Frameworks/CoreVideo.framework; sourceTree = SDKROOT; };
		D8D63C001C5B3C55002C823B /* QuartzCore.framework */ = {isa = PBXFileReference; lastKnownFileType = wrapper.framework; name = QuartzCore.framework; path = System/Library/Frameworks/QuartzCore.framework; sourceTree = SDKROOT; };
		D8D63C021C5B3C63002C823B /* libiconv.tbd */ = {isa = PBXFileReference; lastKnownFileType = "sourcecode.text-based-dylib-definition"; name = libiconv.tbd; path = usr/lib/libiconv.tbd; sourceTree = SDKROOT; };
/* End PBXFileReference section */

/* Begin PBXFrameworksBuildPhase section */
		97A6DACC1F07454F00688648 /* Frameworks */ = {
			isa = PBXFrameworksBuildPhase;
			buildActionMask = 2147483647;
			files = (
				970AAC691F075B18009286C7 /* libiconv.tbd in Frameworks */,
				97A6DBB01F0759F600688648 /* libzbar.a in Frameworks */,
			);
			runOnlyForDeploymentPostprocessing = 0;
		};
		D8328CDB1BE757BA00454877 /* Frameworks */ = {
			isa = PBXFrameworksBuildPhase;
			buildActionMask = 2147483647;
			files = (
				D814ED8C1C5F4E82009D7616 /* libz.tbd in Frameworks */,
				D814ED8A1C5F4E68009D7616 /* libMobClickLibrary.a in Frameworks */,
				97A6DBAF1F0759F600688648 /* libzbar.a in Frameworks */,
				D8D63C031C5B3C63002C823B /* libiconv.tbd in Frameworks */,
				D8D63C011C5B3C55002C823B /* QuartzCore.framework in Frameworks */,
				D8D63BFF1C5B3C48002C823B /* CoreVideo.framework in Frameworks */,
				D8D63BFD1C5B3C40002C823B /* CoreMedia.framework in Frameworks */,
				D8D63BFB1C5B3C39002C823B /* AVFoundation.framework in Frameworks */,
				D854A9B21C0DD27100F3FF9D /* SafariServices.framework in Frameworks */,
				D8328D2B1BE7625200454877 /* UIKit.framework in Frameworks */,
			);
			runOnlyForDeploymentPostprocessing = 0;
		};
		D8328CF41BE757BA00454877 /* Frameworks */ = {
			isa = PBXFrameworksBuildPhase;
			buildActionMask = 2147483647;
			files = (
			);
			runOnlyForDeploymentPostprocessing = 0;
		};
		D8328CFF1BE757BA00454877 /* Frameworks */ = {
			isa = PBXFrameworksBuildPhase;
			buildActionMask = 2147483647;
			files = (
			);
			runOnlyForDeploymentPostprocessing = 0;
		};
/* End PBXFrameworksBuildPhase section */

/* Begin PBXGroup section */
		97A6DAD01F07454F00688648 /* GenerateCode */ = {
			isa = PBXGroup;
			children = (
				97A6DAD11F07454F00688648 /* ActionViewController.h */,
				97A6DAD21F07454F00688648 /* ActionViewController.m */,
				97A6DAD41F07454F00688648 /* MainInterface.storyboard */,
				97A6DAD71F07454F00688648 /* Info.plist */,
			);
			path = GenerateCode;
			sourceTree = "<group>";
		};
		97A6DADE1F07465100688648 /* ProgressHUD */ = {
			isa = PBXGroup;
			children = (
				97A6DADF1F07465100688648 /* ProgressHUD.bundle */,
				97A6DAE01F07465100688648 /* ProgressHUD.h */,
				97A6DAE11F07465100688648 /* ProgressHUD.m */,
			);
			path = ProgressHUD;
			sourceTree = "<group>";
		};
		97A6DAE41F07465A00688648 /* LibQREncode */ = {
			isa = PBXGroup;
			children = (
				97A6DAE51F07465A00688648 /* bitstream.c */,
				97A6DAE61F07465A00688648 /* bitstream.h */,
				97A6DAE71F07465A00688648 /* mask.c */,
				97A6DAE81F07465A00688648 /* mask.h */,
				97A6DAE91F07465A00688648 /* QRCodeGenerator.h */,
				97A6DAEA1F07465A00688648 /* QRCodeGenerator.m */,
				97A6DAEB1F07465A00688648 /* qrencode.c */,
				97A6DAEC1F07465A00688648 /* qrencode.h */,
				97A6DAED1F07465A00688648 /* qrinput.c */,
				97A6DAEE1F07465A00688648 /* qrinput.h */,
				97A6DAEF1F07465A00688648 /* qrspec.c */,
				97A6DAF01F07465A00688648 /* qrspec.h */,
				97A6DAF11F07465A00688648 /* rscode.c */,
				97A6DAF21F07465A00688648 /* rscode.h */,
				97A6DAF31F07465A00688648 /* split.c */,
				97A6DAF41F07465A00688648 /* split.h */,
			);
			path = LibQREncode;
			sourceTree = "<group>";
		};
		97A6DB671F07530900688648 /* TZImagePickerController */ = {
			isa = PBXGroup;
			children = (
				97A6DB681F07530900688648 /* NSBundle+TZImagePicker.h */,
				97A6DB691F07530900688648 /* NSBundle+TZImagePicker.m */,
				97A6DB6A1F07530900688648 /* TZAssetCell.h */,
				97A6DB6B1F07530900688648 /* TZAssetCell.m */,
				97A6DB6C1F07530900688648 /* TZAssetModel.h */,
				97A6DB6D1F07530900688648 /* TZAssetModel.m */,
				97A6DB6E1F07530900688648 /* TZGifPhotoPreviewController.h */,
				97A6DB6F1F07530900688648 /* TZGifPhotoPreviewController.m */,
				97A6DB701F07530900688648 /* TZImageCropManager.h */,
				97A6DB711F07530900688648 /* TZImageCropManager.m */,
				97A6DB721F07530900688648 /* TZImageManager.h */,
				97A6DB731F07530900688648 /* TZImageManager.m */,
				97A6DB741F07530900688648 /* TZImagePickerController.bundle */,
				97A6DB751F07530900688648 /* TZImagePickerController.h */,
				97A6DB761F07530900688648 /* TZImagePickerController.m */,
				97A6DB771F07530900688648 /* TZPhotoPickerController.h */,
				97A6DB781F07530900688648 /* TZPhotoPickerController.m */,
				97A6DB791F07530900688648 /* TZPhotoPreviewCell.h */,
				97A6DB7A1F07530900688648 /* TZPhotoPreviewCell.m */,
				97A6DB7B1F07530900688648 /* TZPhotoPreviewController.h */,
				97A6DB7C1F07530900688648 /* TZPhotoPreviewController.m */,
				97A6DB7D1F07530900688648 /* TZProgressView.h */,
				97A6DB7E1F07530900688648 /* TZProgressView.m */,
				97A6DB7F1F07530900688648 /* TZVideoPlayerController.h */,
				97A6DB801F07530900688648 /* TZVideoPlayerController.m */,
				97A6DB811F07530900688648 /* UIView+Layout.h */,
				97A6DB821F07530900688648 /* UIView+Layout.m */,
			);
			path = TZImagePickerController;
			sourceTree = "<group>";
		};
		97A6DB911F0759F600688648 /* ZBarSDK */ = {
			isa = PBXGroup;
			children = (
				97A6DB921F0759F600688648 /* Headers */,
				97A6DBA91F0759F600688648 /* libzbar.a */,
				97A6DBAA1F0759F600688648 /* Resources */,
			);
			path = ZBarSDK;
			sourceTree = "<group>";
		};
		97A6DB921F0759F600688648 /* Headers */ = {
			isa = PBXGroup;
			children = (
				97A6DB931F0759F600688648 /* ZBarSDK */,
			);
			path = Headers;
			sourceTree = "<group>";
		};
		97A6DB931F0759F600688648 /* ZBarSDK */ = {
			isa = PBXGroup;
			children = (
				97A6DB941F0759F600688648 /* zbar */,
				97A6DB9E1F0759F600688648 /* zbar.h */,
				97A6DB9F1F0759F600688648 /* ZBarCameraSimulator.h */,
				97A6DBA01F0759F600688648 /* ZBarCaptureReader.h */,
				97A6DBA11F0759F600688648 /* ZBarHelpController.h */,
				97A6DBA21F0759F600688648 /* ZBarImage.h */,
				97A6DBA31F0759F600688648 /* ZBarImageScanner.h */,
				97A6DBA41F0759F600688648 /* ZBarReaderController.h */,
				97A6DBA51F0759F600688648 /* ZBarReaderView.h */,
				97A6DBA61F0759F600688648 /* ZBarReaderViewController.h */,
				97A6DBA71F0759F600688648 /* ZBarSDK.h */,
				97A6DBA81F0759F600688648 /* ZBarSymbol.h */,
			);
			path = ZBarSDK;
			sourceTree = "<group>";
		};
		97A6DB941F0759F600688648 /* zbar */ = {
			isa = PBXGroup;
			children = (
				97A6DB951F0759F600688648 /* Decoder.h */,
				97A6DB961F0759F600688648 /* Exception.h */,
				97A6DB971F0759F600688648 /* Image.h */,
				97A6DB981F0759F600688648 /* ImageScanner.h */,
				97A6DB991F0759F600688648 /* Processor.h */,
				97A6DB9A1F0759F600688648 /* Scanner.h */,
				97A6DB9B1F0759F600688648 /* Symbol.h */,
				97A6DB9C1F0759F600688648 /* Video.h */,
				97A6DB9D1F0759F600688648 /* Window.h */,
			);
			path = zbar;
			sourceTree = "<group>";
		};
		97A6DBAA1F0759F600688648 /* Resources */ = {
			isa = PBXGroup;
			children = (
				97A6DBAB1F0759F600688648 /* zbar-back.png */,
				97A6DBAC1F0759F600688648 /* zbar-help.html */,
				97A6DBAD1F0759F600688648 /* zbar-helpicons.png */,
				97A6DBAE1F0759F600688648 /* zbar-samples.png */,
			);
			path = Resources;
			sourceTree = "<group>";
		};
		D8328CD51BE757BA00454877 = {
			isa = PBXGroup;
			children = (
				D814ED8B1C5F4E82009D7616 /* libz.tbd */,
				D8D63C021C5B3C63002C823B /* libiconv.tbd */,
				D8D63C001C5B3C55002C823B /* QuartzCore.framework */,
				D8D63BFE1C5B3C48002C823B /* CoreVideo.framework */,
				D8D63BFC1C5B3C40002C823B /* CoreMedia.framework */,
				D8D63BFA1C5B3C39002C823B /* AVFoundation.framework */,
				D854A9B11C0DD27100F3FF9D /* SafariServices.framework */,
				D8328D2A1BE7625200454877 /* UIKit.framework */,
				D8328CE01BE757BA00454877 /* ScanCode */,
				D8328CFA1BE757BA00454877 /* ScanCodeTests */,
				D8328D051BE757BA00454877 /* ScanCodeUITests */,
				97A6DAD01F07454F00688648 /* GenerateCode */,
				D8328CDF1BE757BA00454877 /* Products */,
			);
			sourceTree = "<group>";
		};
		D8328CDF1BE757BA00454877 /* Products */ = {
			isa = PBXGroup;
			children = (
				D8328CDE1BE757BA00454877 /* ScanCode.app */,
				D8328CF71BE757BA00454877 /* ScanCodeTests.xctest */,
				D8328D021BE757BA00454877 /* ScanCodeUITests.xctest */,
				97A6DACF1F07454F00688648 /* GenerateCode.appex */,
			);
			name = Products;
			sourceTree = "<group>";
		};
		D8328CE01BE757BA00454877 /* ScanCode */ = {
			isa = PBXGroup;
			children = (
				979244A21F078C6B0071BA06 /* UIImage+Resize.h */,
				979244A31F078C6B0071BA06 /* UIImage+Resize.m */,
				979244A41F078C6B0071BA06 /* TTImageHelper.h */,
				979244A51F078C6B0071BA06 /* TTImageHelper.m */,
				97A6DB911F0759F600688648 /* ZBarSDK */,
				97A6DB671F07530900688648 /* TZImagePickerController */,
				97A6DAE41F07465A00688648 /* LibQREncode */,
				97A6DADE1F07465100688648 /* ProgressHUD */,
				D8328CE41BE757BA00454877 /* AppDelegate.h */,
				D8328CE51BE757BA00454877 /* AppDelegate.m */,
				D8328CE71BE757BA00454877 /* ViewController.h */,
				D8328CE81BE757BA00454877 /* ViewController.m */,
				D814ED851C5F44D9009D7616 /* UIActionSheet+block.h */,
				D814ED861C5F44D9009D7616 /* UIActionSheet+block.m */,
				D814ED7C1C5F006E009D7616 /* GenerateCodeViewController.h */,
				D814ED7D1C5F006E009D7616 /* GenerateCodeViewController.m */,
				D8328D141BE7582600454877 /* QRCodeViewController.h */,
				D8328D151BE7582600454877 /* QRCodeViewController.m */,
				D8328D1A1BE7587100454877 /* QRCodeDao.h */,
				D8328D1B1BE7587100454877 /* QRCodeDao.m */,
				D8328D171BE7586000454877 /* QRView.h */,
				D8328D181BE7586000454877 /* QRView.m */,
				D8251D121BE8535B00473B49 /* TextContentViewController.h */,
				D8251D131BE8535B00473B49 /* TextContentViewController.m */,
				D8328D1F1BE761C100454877 /* WebContentViewController.h */,
				D8328D201BE761C100454877 /* WebContentViewController.m */,
				D8328D221BE761E500454877 /* NJKWebViewProgress.h */,
				D8328D231BE761E500454877 /* NJKWebViewProgress.m */,
				D8328D241BE761E500454877 /* NJKWebViewProgressView.h */,
				D8328D251BE761E500454877 /* NJKWebViewProgressView.m */,
				D814ED881C5F4E68009D7616 /* libMobClickLibrary.a */,
				D814ED891C5F4E68009D7616 /* MobClick.h */,
				D814ED831C5F243C009D7616 /* generateicon.png */,
				D814ED7F1C5F2169009D7616 /* scanimage.png */,
				D814ED811C5F22BB009D7616 /* scanlib.png */,
				D8328D1D1BE75B1E00454877 /* qr_scan_line@2x.png */,
				D8328D281BE7620300454877 /* bottom_btn_back.png */,
				D8251D171BE8EB9A00473B49 /* Default-568h@2x.png */,
				D8328CEA1BE757BA00454877 /* Main.storyboard */,
				D8328CED1BE757BA00454877 /* Assets.xcassets */,
				D8328CEF1BE757BA00454877 /* LaunchScreen.storyboard */,
				D8328CF21BE757BA00454877 /* Info.plist */,
				D8328CE11BE757BA00454877 /* Supporting Files */,
			);
			path = ScanCode;
			sourceTree = "<group>";
		};
		D8328CE11BE757BA00454877 /* Supporting Files */ = {
			isa = PBXGroup;
			children = (
				D8328CE21BE757BA00454877 /* main.m */,
			);
			name = "Supporting Files";
			sourceTree = "<group>";
		};
		D8328CFA1BE757BA00454877 /* ScanCodeTests */ = {
			isa = PBXGroup;
			children = (
				D8328CFB1BE757BA00454877 /* ScanCodeTests.m */,
				D8328CFD1BE757BA00454877 /* Info.plist */,
			);
			path = ScanCodeTests;
			sourceTree = "<group>";
		};
		D8328D051BE757BA00454877 /* ScanCodeUITests */ = {
			isa = PBXGroup;
			children = (
				D8328D061BE757BA00454877 /* ScanCodeUITests.m */,
				D8328D081BE757BA00454877 /* Info.plist */,
			);
			path = ScanCodeUITests;
			sourceTree = "<group>";
		};
/* End PBXGroup section */

/* Begin PBXNativeTarget section */
		97A6DACE1F07454F00688648 /* GenerateCode */ = {
			isa = PBXNativeTarget;
			buildConfigurationList = 97A6DADB1F07454F00688648 /* Build configuration list for PBXNativeTarget "GenerateCode" */;
			buildPhases = (
				97A6DACB1F07454F00688648 /* Sources */,
				97A6DACC1F07454F00688648 /* Frameworks */,
				97A6DACD1F07454F00688648 /* Resources */,
			);
			buildRules = (
			);
			dependencies = (
			);
			name = GenerateCode;
			productName = GenerateCode;
			productReference = 97A6DACF1F07454F00688648 /* GenerateCode.appex */;
			productType = "com.apple.product-type.app-extension";
		};
		D8328CDD1BE757BA00454877 /* ScanCode */ = {
			isa = PBXNativeTarget;
			buildConfigurationList = D8328D0B1BE757BA00454877 /* Build configuration list for PBXNativeTarget "ScanCode" */;
			buildPhases = (
				D8328CDA1BE757BA00454877 /* Sources */,
				D8328CDB1BE757BA00454877 /* Frameworks */,
				D8328CDC1BE757BA00454877 /* Resources */,
				9776F8E41F07306700AE104F /* Embed App Extensions */,
			);
			buildRules = (
			);
			dependencies = (
				97A6DAD91F07454F00688648 /* PBXTargetDependency */,
			);
			name = ScanCode;
			productName = ScanCode;
			productReference = D8328CDE1BE757BA00454877 /* ScanCode.app */;
			productType = "com.apple.product-type.application";
		};
		D8328CF61BE757BA00454877 /* ScanCodeTests */ = {
			isa = PBXNativeTarget;
			buildConfigurationList = D8328D0E1BE757BA00454877 /* Build configuration list for PBXNativeTarget "ScanCodeTests" */;
			buildPhases = (
				D8328CF31BE757BA00454877 /* Sources */,
				D8328CF41BE757BA00454877 /* Frameworks */,
				D8328CF51BE757BA00454877 /* Resources */,
			);
			buildRules = (
			);
			dependencies = (
				D8328CF91BE757BA00454877 /* PBXTargetDependency */,
			);
			name = ScanCodeTests;
			productName = ScanCodeTests;
			productReference = D8328CF71BE757BA00454877 /* ScanCodeTests.xctest */;
			productType = "com.apple.product-type.bundle.unit-test";
		};
		D8328D011BE757BA00454877 /* ScanCodeUITests */ = {
			isa = PBXNativeTarget;
			buildConfigurationList = D8328D111BE757BA00454877 /* Build configuration list for PBXNativeTarget "ScanCodeUITests" */;
			buildPhases = (
				D8328CFE1BE757BA00454877 /* Sources */,
				D8328CFF1BE757BA00454877 /* Frameworks */,
				D8328D001BE757BA00454877 /* Resources */,
			);
			buildRules = (
			);
			dependencies = (
				D8328D041BE757BA00454877 /* PBXTargetDependency */,
			);
			name = ScanCodeUITests;
			productName = ScanCodeUITests;
			productReference = D8328D021BE757BA00454877 /* ScanCodeUITests.xctest */;
			productType = "com.apple.product-type.bundle.ui-testing";
		};
/* End PBXNativeTarget section */

/* Begin PBXProject section */
		D8328CD61BE757BA00454877 /* Project object */ = {
			isa = PBXProject;
			attributes = {
				LastUpgradeCheck = 0710;
				ORGANIZATIONNAME = TaoXinle;
				TargetAttributes = {
					97A6DACE1F07454F00688648 = {
						CreatedOnToolsVersion = 8.3.3;
						DevelopmentTeam = 4225KQ7WC5;
						ProvisioningStyle = Automatic;
					};
					D8328CDD1BE757BA00454877 = {
						CreatedOnToolsVersion = 7.1;
						DevelopmentTeam = 4225KQ7WC5;
						ProvisioningStyle = Automatic;
					};
					D8328CF61BE757BA00454877 = {
						CreatedOnToolsVersion = 7.1;
						TestTargetID = D8328CDD1BE757BA00454877;
					};
					D8328D011BE757BA00454877 = {
						CreatedOnToolsVersion = 7.1;
						TestTargetID = D8328CDD1BE757BA00454877;
					};
				};
			};
			buildConfigurationList = D8328CD91BE757BA00454877 /* Build configuration list for PBXProject "ScanCode" */;
			compatibilityVersion = "Xcode 3.2";
			developmentRegion = English;
			hasScannedForEncodings = 0;
			knownRegions = (
				en,
				Base,
			);
			mainGroup = D8328CD51BE757BA00454877;
			productRefGroup = D8328CDF1BE757BA00454877 /* Products */;
			projectDirPath = "";
			projectRoot = "";
			targets = (
				D8328CDD1BE757BA00454877 /* ScanCode */,
				D8328CF61BE757BA00454877 /* ScanCodeTests */,
				D8328D011BE757BA00454877 /* ScanCodeUITests */,
				97A6DACE1F07454F00688648 /* GenerateCode */,
			);
		};
/* End PBXProject section */

/* Begin PBXResourcesBuildPhase section */
		97A6DACD1F07454F00688648 /* Resources */ = {
			isa = PBXResourcesBuildPhase;
			buildActionMask = 2147483647;
			files = (
				97A6DAD61F07454F00688648 /* MainInterface.storyboard in Resources */,
				97A6DBB81F0759F600688648 /* zbar-samples.png in Resources */,
				97A6DBB41F0759F600688648 /* zbar-help.html in Resources */,
				97A6DBB61F0759F600688648 /* zbar-helpicons.png in Resources */,
				979244AA1F0792850071BA06 /* Assets.xcassets in Resources */,
				97A6DBB21F0759F600688648 /* zbar-back.png in Resources */,
			);
			runOnlyForDeploymentPostprocessing = 0;
		};
		D8328CDC1BE757BA00454877 /* Resources */ = {
			isa = PBXResourcesBuildPhase;
			buildActionMask = 2147483647;
			files = (
				D8328CF11BE757BA00454877 /* LaunchScreen.storyboard in Resources */,
				97A6DBB11F0759F600688648 /* zbar-back.png in Resources */,
				D8328CEE1BE757BA00454877 /* Assets.xcassets in Resources */,
				D8328D1E1BE75B1E00454877 /* qr_scan_line@2x.png in Resources */,
				97A6DAE21F07465100688648 /* ProgressHUD.bundle in Resources */,
				D8328D291BE7620300454877 /* bottom_btn_back.png in Resources */,
				97A6DBB51F0759F600688648 /* zbar-helpicons.png in Resources */,
				D8328CEC1BE757BA00454877 /* Main.storyboard in Resources */,
				D814ED841C5F243C009D7616 /* generateicon.png in Resources */,
				D8251D181BE8EB9A00473B49 /* Default-568h@2x.png in Resources */,
				D814ED801C5F2169009D7616 /* scanimage.png in Resources */,
				97A6DBB71F0759F600688648 /* zbar-samples.png in Resources */,
				97A6DB891F07530900688648 /* TZImagePickerController.bundle in Resources */,
				97A6DBB31F0759F600688648 /* zbar-help.html in Resources */,
				D814ED821C5F22BB009D7616 /* scanlib.png in Resources */,
			);
			runOnlyForDeploymentPostprocessing = 0;
		};
		D8328CF51BE757BA00454877 /* Resources */ = {
			isa = PBXResourcesBuildPhase;
			buildActionMask = 2147483647;
			files = (
			);
			runOnlyForDeploymentPostprocessing = 0;
		};
		D8328D001BE757BA00454877 /* Resources */ = {
			isa = PBXResourcesBuildPhase;
			buildActionMask = 2147483647;
			files = (
			);
			runOnlyForDeploymentPostprocessing = 0;
		};
/* End PBXResourcesBuildPhase section */

/* Begin PBXSourcesBuildPhase section */
		97A6DACB1F07454F00688648 /* Sources */ = {
			isa = PBXSourcesBuildPhase;
			buildActionMask = 2147483647;
			files = (
				97A6DAF81F07465A00688648 /* mask.c in Sources */,
				97A6DB021F07465A00688648 /* rscode.c in Sources */,
				97A6DAFA1F07465A00688648 /* QRCodeGenerator.m in Sources */,
				97A6DB041F07465A00688648 /* split.c in Sources */,
				979244A91F078C6B0071BA06 /* TTImageHelper.m in Sources */,
				97A6DAFC1F07465A00688648 /* qrencode.c in Sources */,
				97A6DAD31F07454F00688648 /* ActionViewController.m in Sources */,
				97A6DB001F07465A00688648 /* qrspec.c in Sources */,
				97A6DAF61F07465A00688648 /* bitstream.c in Sources */,
				97A6DAFE1F07465A00688648 /* qrinput.c in Sources */,
				979244A71F078C6B0071BA06 /* UIImage+Resize.m in Sources */,
			);
			runOnlyForDeploymentPostprocessing = 0;
		};
		D8328CDA1BE757BA00454877 /* Sources */ = {
			isa = PBXSourcesBuildPhase;
			buildActionMask = 2147483647;
			files = (
				97A6DB851F07530900688648 /* TZAssetModel.m in Sources */,
				97A6DB871F07530900688648 /* TZImageCropManager.m in Sources */,
				97A6DAF91F07465A00688648 /* QRCodeGenerator.m in Sources */,
				97A6DB8C1F07530900688648 /* TZPhotoPreviewCell.m in Sources */,
				97A6DB8A1F07530900688648 /* TZImagePickerController.m in Sources */,
				D8328D261BE761E500454877 /* NJKWebViewProgress.m in Sources */,
				D8328CE91BE757BA00454877 /* ViewController.m in Sources */,
				97A6DAFB1F07465A00688648 /* qrencode.c in Sources */,
				97A6DB901F07530900688648 /* UIView+Layout.m in Sources */,
				97A6DB8F1F07530900688648 /* TZVideoPlayerController.m in Sources */,
				97A6DAF71F07465A00688648 /* mask.c in Sources */,
				97A6DB8E1F07530900688648 /* TZProgressView.m in Sources */,
				97A6DB011F07465A00688648 /* rscode.c in Sources */,
				D8328CE61BE757BA00454877 /* AppDelegate.m in Sources */,
				97A6DAE31F07465100688648 /* ProgressHUD.m in Sources */,
				97A6DAFF1F07465A00688648 /* qrspec.c in Sources */,
				D8251D141BE8535B00473B49 /* TextContentViewController.m in Sources */,
				97A6DAFD1F07465A00688648 /* qrinput.c in Sources */,
				97A6DB881F07530900688648 /* TZImageManager.m in Sources */,
				97A6DB031F07465A00688648 /* split.c in Sources */,
				97A6DB8B1F07530900688648 /* TZPhotoPickerController.m in Sources */,
				D8328D161BE7582600454877 /* QRCodeViewController.m in Sources */,
				D814ED871C5F44D9009D7616 /* UIActionSheet+block.m in Sources */,
				97A6DB831F07530900688648 /* NSBundle+TZImagePicker.m in Sources */,
				97A6DAF51F07465A00688648 /* bitstream.c in Sources */,
				979244A81F078C6B0071BA06 /* TTImageHelper.m in Sources */,
				D8328CE31BE757BA00454877 /* main.m in Sources */,
				97A6DB841F07530900688648 /* TZAssetCell.m in Sources */,
				D8328D1C1BE7587100454877 /* QRCodeDao.m in Sources */,
				D8328D211BE761C100454877 /* WebContentViewController.m in Sources */,
				D8328D271BE761E500454877 /* NJKWebViewProgressView.m in Sources */,
				97A6DB861F07530900688648 /* TZGifPhotoPreviewController.m in Sources */,
				97A6DB8D1F07530900688648 /* TZPhotoPreviewController.m in Sources */,
				D8328D191BE7586000454877 /* QRView.m in Sources */,
				D814ED7E1C5F006E009D7616 /* GenerateCodeViewController.m in Sources */,
				979244A61F078C6B0071BA06 /* UIImage+Resize.m in Sources */,
			);
			runOnlyForDeploymentPostprocessing = 0;
		};
		D8328CF31BE757BA00454877 /* Sources */ = {
			isa = PBXSourcesBuildPhase;
			buildActionMask = 2147483647;
			files = (
				D8328CFC1BE757BA00454877 /* ScanCodeTests.m in Sources */,
			);
			runOnlyForDeploymentPostprocessing = 0;
		};
		D8328CFE1BE757BA00454877 /* Sources */ = {
			isa = PBXSourcesBuildPhase;
			buildActionMask = 2147483647;
			files = (
				D8328D071BE757BA00454877 /* ScanCodeUITests.m in Sources */,
			);
			runOnlyForDeploymentPostprocessing = 0;
		};
/* End PBXSourcesBuildPhase section */

/* Begin PBXTargetDependency section */
		97A6DAD91F07454F00688648 /* PBXTargetDependency */ = {
			isa = PBXTargetDependency;
			target = 97A6DACE1F07454F00688648 /* GenerateCode */;
			targetProxy = 97A6DAD81F07454F00688648 /* PBXContainerItemProxy */;
		};
		D8328CF91BE757BA00454877 /* PBXTargetDependency */ = {
			isa = PBXTargetDependency;
			target = D8328CDD1BE757BA00454877 /* ScanCode */;
			targetProxy = D8328CF81BE757BA00454877 /* PBXContainerItemProxy */;
		};
		D8328D041BE757BA00454877 /* PBXTargetDependency */ = {
			isa = PBXTargetDependency;
			target = D8328CDD1BE757BA00454877 /* ScanCode */;
			targetProxy = D8328D031BE757BA00454877 /* PBXContainerItemProxy */;
		};
/* End PBXTargetDependency section */

/* Begin PBXVariantGroup section */
		97A6DAD41F07454F00688648 /* MainInterface.storyboard */ = {
			isa = PBXVariantGroup;
			children = (
				97A6DAD51F07454F00688648 /* Base */,
			);
			name = MainInterface.storyboard;
			sourceTree = "<group>";
		};
		D8328CEA1BE757BA00454877 /* Main.storyboard */ = {
			isa = PBXVariantGroup;
			children = (
				D8328CEB1BE757BA00454877 /* Base */,
				D8251D151BE8984700473B49 /* zh-Hans */,
			);
			name = Main.storyboard;
			sourceTree = "<group>";
		};
		D8328CEF1BE757BA00454877 /* LaunchScreen.storyboard */ = {
			isa = PBXVariantGroup;
			children = (
				D8328CF01BE757BA00454877 /* Base */,
				D8251D161BE8984700473B49 /* zh-Hans */,
			);
			name = LaunchScreen.storyboard;
			sourceTree = "<group>";
		};
/* End PBXVariantGroup section */

/* Begin XCBuildConfiguration section */
		97A6DADC1F07454F00688648 /* Debug */ = {
			isa = XCBuildConfiguration;
			buildSettings = {
				ASSETCATALOG_COMPILER_APPICON_NAME = "AppIcon-1";
				CLANG_ANALYZER_NONNULL = YES;
				CLANG_ANALYZER_NUMBER_OBJECT_CONVERSION = YES_AGGRESSIVE;
				CLANG_WARN_DOCUMENTATION_COMMENTS = YES;
				CLANG_WARN_INFINITE_RECURSION = YES;
				CLANG_WARN_SUSPICIOUS_MOVE = YES;
				CODE_SIGN_IDENTITY = "iPhone Developer";
				"CODE_SIGN_IDENTITY[sdk=iphoneos*]" = "iPhone Developer";
				DEVELOPMENT_TEAM = 4225KQ7WC5;
				INFOPLIST_FILE = GenerateCode/Info.plist;
				IPHONEOS_DEPLOYMENT_TARGET = 10.3;
				LD_RUNPATH_SEARCH_PATHS = "$(inherited) @executable_path/Frameworks @executable_path/../../Frameworks";
				LIBRARY_SEARCH_PATHS = (
					"$(inherited)",
					"$(PROJECT_DIR)/ScanCode/ZBarSDK",
				);
				PRODUCT_BUNDLE_IDENTIFIER = com.uzero.scanqr.GenerateCode;
				PRODUCT_NAME = "$(TARGET_NAME)";
				PROVISIONING_PROFILE = "";
				SKIP_INSTALL = YES;
			};
			name = Debug;
		};
		97A6DADD1F07454F00688648 /* Release */ = {
			isa = XCBuildConfiguration;
			buildSettings = {
				ASSETCATALOG_COMPILER_APPICON_NAME = "AppIcon-1";
				CLANG_ANALYZER_NONNULL = YES;
				CLANG_ANALYZER_NUMBER_OBJECT_CONVERSION = YES_AGGRESSIVE;
				CLANG_WARN_DOCUMENTATION_COMMENTS = YES;
				CLANG_WARN_INFINITE_RECURSION = YES;
				CLANG_WARN_SUSPICIOUS_MOVE = YES;
				CODE_SIGN_IDENTITY = "iPhone Developer";
				"CODE_SIGN_IDENTITY[sdk=iphoneos*]" = "iPhone Developer";
				DEVELOPMENT_TEAM = 4225KQ7WC5;
				INFOPLIST_FILE = GenerateCode/Info.plist;
				IPHONEOS_DEPLOYMENT_TARGET = 10.3;
				LD_RUNPATH_SEARCH_PATHS = "$(inherited) @executable_path/Frameworks @executable_path/../../Frameworks";
				LIBRARY_SEARCH_PATHS = (
					"$(inherited)",
					"$(PROJECT_DIR)/ScanCode/ZBarSDK",
				);
				PRODUCT_BUNDLE_IDENTIFIER = com.uzero.scanqr.GenerateCode;
				PRODUCT_NAME = "$(TARGET_NAME)";
				PROVISIONING_PROFILE = "";
				SKIP_INSTALL = YES;
			};
			name = Release;
		};
		D8328D091BE757BA00454877 /* Debug */ = {
			isa = XCBuildConfiguration;
			buildSettings = {
				ALWAYS_SEARCH_USER_PATHS = NO;
				CLANG_CXX_LANGUAGE_STANDARD = "gnu++0x";
				CLANG_CXX_LIBRARY = "libc++";
				CLANG_ENABLE_MODULES = YES;
				CLANG_ENABLE_OBJC_ARC = YES;
				CLANG_WARN_BOOL_CONVERSION = YES;
				CLANG_WARN_CONSTANT_CONVERSION = YES;
				CLANG_WARN_DIRECT_OBJC_ISA_USAGE = YES_ERROR;
				CLANG_WARN_EMPTY_BODY = YES;
				CLANG_WARN_ENUM_CONVERSION = YES;
				CLANG_WARN_INT_CONVERSION = YES;
				CLANG_WARN_OBJC_ROOT_CLASS = YES_ERROR;
				CLANG_WARN_UNREACHABLE_CODE = YES;
				CLANG_WARN__DUPLICATE_METHOD_MATCH = YES;
				CODE_SIGN_IDENTITY = "iPhone Developer: Xinle Tao (CUVR22NJYL)";
				"CODE_SIGN_IDENTITY[sdk=iphoneos*]" = "iPhone Developer: Xinle Tao (CUVR22NJYL)";
				COPY_PHASE_STRIP = NO;
				DEBUG_INFORMATION_FORMAT = dwarf;
				ENABLE_BITCODE = NO;
				ENABLE_STRICT_OBJC_MSGSEND = YES;
				ENABLE_TESTABILITY = YES;
				GCC_C_LANGUAGE_STANDARD = gnu99;
				GCC_DYNAMIC_NO_PIC = NO;
				GCC_NO_COMMON_BLOCKS = YES;
				GCC_OPTIMIZATION_LEVEL = 0;
				GCC_PREPROCESSOR_DEFINITIONS = (
					"DEBUG=1",
					"$(inherited)",
				);
				GCC_WARN_64_TO_32_BIT_CONVERSION = YES;
				GCC_WARN_ABOUT_RETURN_TYPE = YES_ERROR;
				GCC_WARN_UNDECLARED_SELECTOR = YES;
				GCC_WARN_UNINITIALIZED_AUTOS = YES_AGGRESSIVE;
				GCC_WARN_UNUSED_FUNCTION = YES;
				GCC_WARN_UNUSED_VARIABLE = YES;
				IPHONEOS_DEPLOYMENT_TARGET = 8.0;
				MTL_ENABLE_DEBUG_INFO = YES;
				ONLY_ACTIVE_ARCH = YES;
				PROVISIONING_PROFILE = "f518b8dd-5026-4e1e-8ed1-062099453776";
				SDKROOT = iphoneos;
				TARGETED_DEVICE_FAMILY = "1,2";
			};
			name = Debug;
		};
		D8328D0A1BE757BA00454877 /* Release */ = {
			isa = XCBuildConfiguration;
			buildSettings = {
				ALWAYS_SEARCH_USER_PATHS = NO;
				CLANG_CXX_LANGUAGE_STANDARD = "gnu++0x";
				CLANG_CXX_LIBRARY = "libc++";
				CLANG_ENABLE_MODULES = YES;
				CLANG_ENABLE_OBJC_ARC = YES;
				CLANG_WARN_BOOL_CONVERSION = YES;
				CLANG_WARN_CONSTANT_CONVERSION = YES;
				CLANG_WARN_DIRECT_OBJC_ISA_USAGE = YES_ERROR;
				CLANG_WARN_EMPTY_BODY = YES;
				CLANG_WARN_ENUM_CONVERSION = YES;
				CLANG_WARN_INT_CONVERSION = YES;
				CLANG_WARN_OBJC_ROOT_CLASS = YES_ERROR;
				CLANG_WARN_UNREACHABLE_CODE = YES;
				CLANG_WARN__DUPLICATE_METHOD_MATCH = YES;
				CODE_SIGN_IDENTITY = "iPhone Distribution: Xinle Tao";
				"CODE_SIGN_IDENTITY[sdk=iphoneos*]" = "iPhone Distribution: Xinle Tao";
				COPY_PHASE_STRIP = NO;
				DEBUG_INFORMATION_FORMAT = "dwarf-with-dsym";
				ENABLE_BITCODE = NO;
				ENABLE_NS_ASSERTIONS = NO;
				ENABLE_STRICT_OBJC_MSGSEND = YES;
				GCC_C_LANGUAGE_STANDARD = gnu99;
				GCC_NO_COMMON_BLOCKS = YES;
				GCC_WARN_64_TO_32_BIT_CONVERSION = YES;
				GCC_WARN_ABOUT_RETURN_TYPE = YES_ERROR;
				GCC_WARN_UNDECLARED_SELECTOR = YES;
				GCC_WARN_UNINITIALIZED_AUTOS = YES_AGGRESSIVE;
				GCC_WARN_UNUSED_FUNCTION = YES;
				GCC_WARN_UNUSED_VARIABLE = YES;
				IPHONEOS_DEPLOYMENT_TARGET = 8.0;
				MTL_ENABLE_DEBUG_INFO = NO;
				PROVISIONING_PROFILE = "2ffca253-c7d4-42f0-acc5-dc5995f28af9";
				SDKROOT = iphoneos;
				TARGETED_DEVICE_FAMILY = "1,2";
				VALIDATE_PRODUCT = YES;
			};
			name = Release;
		};
		D8328D0C1BE757BA00454877 /* Debug */ = {
			isa = XCBuildConfiguration;
			buildSettings = {
				ASSETCATALOG_COMPILER_APPICON_NAME = AppIcon;
				CODE_SIGN_IDENTITY = "iPhone Developer";
				"CODE_SIGN_IDENTITY[sdk=iphoneos*]" = "iPhone Developer";
				CODE_SIGN_STYLE = Automatic;
				DEVELOPMENT_TEAM = 4225KQ7WC5;
				INFOPLIST_FILE = ScanCode/Info.plist;
				IPHONEOS_DEPLOYMENT_TARGET = 8.0;
				LD_RUNPATH_SEARCH_PATHS = "$(inherited) @executable_path/Frameworks";
				LIBRARY_SEARCH_PATHS = (
					"$(inherited)",
					"$(PROJECT_DIR)/ScanCode/ZBarSDK",
					"$(PROJECT_DIR)/ScanCode",
				);
				PRODUCT_BUNDLE_IDENTIFIER = com.uzero.scanqr;
				PRODUCT_MODULE_NAME = SCSwiftModule;
				PRODUCT_NAME = "$(TARGET_NAME)";
				PROVISIONING_PROFILE = "";
				PROVISIONING_PROFILE_SPECIFIER = "";
				TARGETED_DEVICE_FAMILY = 1;
			};
			name = Debug;
		};
		D8328D0D1BE757BA00454877 /* Release */ = {
			isa = XCBuildConfiguration;
			buildSettings = {
				ASSETCATALOG_COMPILER_APPICON_NAME = AppIcon;
				CODE_SIGN_IDENTITY = "iPhone Developer";
				"CODE_SIGN_IDENTITY[sdk=iphoneos*]" = "iPhone Developer";
				CODE_SIGN_STYLE = Automatic;
				DEVELOPMENT_TEAM = 4225KQ7WC5;
				INFOPLIST_FILE = ScanCode/Info.plist;
				IPHONEOS_DEPLOYMENT_TARGET = 8.0;
				LD_RUNPATH_SEARCH_PATHS = "$(inherited) @executable_path/Frameworks";
				LIBRARY_SEARCH_PATHS = (
					"$(inherited)",
					"$(PROJECT_DIR)/ScanCode/ZBarSDK",
					"$(PROJECT_DIR)/ScanCode",
				);
				PRODUCT_BUNDLE_IDENTIFIER = com.uzero.scanqr;
				PRODUCT_MODULE_NAME = SCSwiftModule;
				PRODUCT_NAME = "$(TARGET_NAME)";
				PROVISIONING_PROFILE = "";
				PROVISIONING_PROFILE_SPECIFIER = "";
				TARGETED_DEVICE_FAMILY = 1;
			};
			name = Release;
		};
		D8328D0F1BE757BA00454877 /* Debug */ = {
			isa = XCBuildConfiguration;
			buildSettings = {
				BUNDLE_LOADER = "$(TEST_HOST)";
				INFOPLIST_FILE = ScanCodeTests/Info.plist;
				LD_RUNPATH_SEARCH_PATHS = "$(inherited) @executable_path/Frameworks @loader_path/Frameworks";
				PRODUCT_BUNDLE_IDENTIFIER = CLSC.ScanCodeTests;
				PRODUCT_NAME = "$(TARGET_NAME)";
				TEST_HOST = "$(BUILT_PRODUCTS_DIR)/ScanCode.app/ScanCode";
			};
			name = Debug;
		};
		D8328D101BE757BA00454877 /* Release */ = {
			isa = XCBuildConfiguration;
			buildSettings = {
				BUNDLE_LOADER = "$(TEST_HOST)";
				INFOPLIST_FILE = ScanCodeTests/Info.plist;
				LD_RUNPATH_SEARCH_PATHS = "$(inherited) @executable_path/Frameworks @loader_path/Frameworks";
				PRODUCT_BUNDLE_IDENTIFIER = CLSC.ScanCodeTests;
				PRODUCT_NAME = "$(TARGET_NAME)";
				TEST_HOST = "$(BUILT_PRODUCTS_DIR)/ScanCode.app/ScanCode";
			};
			name = Release;
		};
		D8328D121BE757BA00454877 /* Debug */ = {
			isa = XCBuildConfiguration;
			buildSettings = {
				INFOPLIST_FILE = ScanCodeUITests/Info.plist;
				LD_RUNPATH_SEARCH_PATHS = "$(inherited) @executable_path/Frameworks @loader_path/Frameworks";
				PRODUCT_BUNDLE_IDENTIFIER = CLSC.ScanCodeUITests;
				PRODUCT_NAME = "$(TARGET_NAME)";
				TEST_TARGET_NAME = ScanCode;
				USES_XCTRUNNER = YES;
			};
			name = Debug;
		};
		D8328D131BE757BA00454877 /* Release */ = {
			isa = XCBuildConfiguration;
			buildSettings = {
				INFOPLIST_FILE = ScanCodeUITests/Info.plist;
				LD_RUNPATH_SEARCH_PATHS = "$(inherited) @executable_path/Frameworks @loader_path/Frameworks";
				PRODUCT_BUNDLE_IDENTIFIER = CLSC.ScanCodeUITests;
				PRODUCT_NAME = "$(TARGET_NAME)";
				TEST_TARGET_NAME = ScanCode;
				USES_XCTRUNNER = YES;
			};
			name = Release;
		};
/* End XCBuildConfiguration section */

/* Begin XCConfigurationList section */
		97A6DADB1F07454F00688648 /* Build configuration list for PBXNativeTarget "GenerateCode" */ = {
			isa = XCConfigurationList;
			buildConfigurations = (
				97A6DADC1F07454F00688648 /* Debug */,
				97A6DADD1F07454F00688648 /* Release */,
			);
			defaultConfigurationIsVisible = 0;
			defaultConfigurationName = Release;
		};
		D8328CD91BE757BA00454877 /* Build configuration list for PBXProject "ScanCode" */ = {
			isa = XCConfigurationList;
			buildConfigurations = (
				D8328D091BE757BA00454877 /* Debug */,
				D8328D0A1BE757BA00454877 /* Release */,
			);
			defaultConfigurationIsVisible = 0;
			defaultConfigurationName = Release;
		};
		D8328D0B1BE757BA00454877 /* Build configuration list for PBXNativeTarget "ScanCode" */ = {
			isa = XCConfigurationList;
			buildConfigurations = (
				D8328D0C1BE757BA00454877 /* Debug */,
				D8328D0D1BE757BA00454877 /* Release */,
			);
			defaultConfigurationIsVisible = 0;
			defaultConfigurationName = Release;
		};
		D8328D0E1BE757BA00454877 /* Build configuration list for PBXNativeTarget "ScanCodeTests" */ = {
			isa = XCConfigurationList;
			buildConfigurations = (
				D8328D0F1BE757BA00454877 /* Debug */,
				D8328D101BE757BA00454877 /* Release */,
			);
			defaultConfigurationIsVisible = 0;
			defaultConfigurationName = Release;
		};
		D8328D111BE757BA00454877 /* Build configuration list for PBXNativeTarget "ScanCodeUITests" */ = {
			isa = XCConfigurationList;
			buildConfigurations = (
				D8328D121BE757BA00454877 /* Debug */,
				D8328D131BE757BA00454877 /* Release */,
			);
			defaultConfigurationIsVisible = 0;
			defaultConfigurationName = Release;
		};
/* End XCConfigurationList section */
	};
	rootObject = D8328CD61BE757BA00454877 /* Project object */;
}
